
Microsoft Visual Studio Solution File, Format Version 10.00
# Visual Basic Express 2008
Project("{F184B08F-C81C-45F6-A57F-5ABD9991F28F}") = "example1", "example1.vbproj", "{D18D95F6-1C7F-4CC5-8021-84B87896980B}"
EndProject
Global
	GlobalSection(SolutionConfigurationPlatforms) = preSolution
		Debug|Any CPU = Debug|Any CPU
		Release|Any CPU = Release|Any CPU
	EndGlobalSection
	GlobalSection(ProjectConfigurationPlatforms) = postSolution
		{D18D95F6-1C7F-4CC5-8021-84B87896980B}.Debug|Any CPU.ActiveCfg = Debug|Any CPU
		{D18D95F6-1C7F-4CC5-8021-84B87896980B}.Debug|Any CPU.Build.0 = Debug|Any CPU
		{D18D95F6-1C7F-4CC5-8021-84B87896980B}.Release|Any CPU.ActiveCfg = Release|Any CPU
		{D18D95F6-1C7F-4CC5-8021-84B87896980B}.Release|Any CPU.Build.0 = Release|Any CPU
	EndGlobalSection
	GlobalSection(SolutionProperties) = preSolution
		HideSolutionNode = FALSE
	EndGlobalSection
EndGlobal
