
Microsoft Visual Studio Solution File, Format Version 12.00
# Visual Studio 15
VisualStudioVersion = 15.0.27703.2035
MinimumVisualStudioVersion = 10.0.40219.1
Project("{F184B08F-C81C-45F6-A57F-5ABD9991F28F}") = "CQ", "CQ\CQ.vbproj", "{761CF298-D228-4ECD-93AD-EBA4E17BC2A8}"
EndProject
Project("{F184B08F-C81C-45F6-A57F-5ABD9991F28F}") = "47-dotnet_Microsoft.VisualBasic", "..\runtime\sciBASIC#\Microsoft.VisualBasic.Core\47-dotnet_Microsoft.VisualBasic.vbproj", "{FECCE1FD-E1D4-49E3-A668-60BB5E7AED99}"
EndProject
Project("{2150E333-8FDC-42A3-9474-1A3956D46DE8}") = "runtime", "runtime", "{7284E7E0-6B12-41EE-A270-6B67B90D4167}"
EndProject
Project("{F184B08F-C81C-45F6-A57F-5ABD9991F28F}") = "BinaryData", "..\runtime\sciBASIC#\Data\BinaryData\BinaryData\BinaryData.vbproj", "{487D7C92-D05A-4908-BF81-E6BABA0BF592}"
EndProject
Project("{F184B08F-C81C-45F6-A57F-5ABD9991F28F}") = "Testures", "Testures\Testures.vbproj", "{C1C1C9F4-74C9-4551-B808-C0DF64A5DFE1}"
EndProject
Project("{F184B08F-C81C-45F6-A57F-5ABD9991F28F}") = "test", "test\test.vbproj", "{E9A4D9BE-E09D-4C77-8C0C-4995839D5D1B}"
EndProject
Project("{F184B08F-C81C-45F6-A57F-5ABD9991F28F}") = "SpiritSlicer", "SpiritSlicer\SpiritSlicer.vbproj", "{A51B6D39-8A1C-4A46-A7A2-AC408728F8E5}"
EndProject
Project("{F184B08F-C81C-45F6-A57F-5ABD9991F28F}") = "Fbx", "Fbx\Fbx.vbproj", "{680523FC-2C81-48FE-A748-2389B42F1A07}"
EndProject
Project("{2150E333-8FDC-42A3-9474-1A3956D46DE8}") = "Model", "Model", "{E811E152-24F6-4028-BE45-61117FEE027F}"
EndProject
Global
	GlobalSection(SolutionConfigurationPlatforms) = preSolution
		Biodeep_UNIX_x64|Any CPU = Biodeep_UNIX_x64|Any CPU
		Biodeep_UNIX_x64|x64 = Biodeep_UNIX_x64|x64
		Biodeep_UNIX_x64|x86 = Biodeep_UNIX_x64|x86
		Biodeep|Any CPU = Biodeep|Any CPU
		Biodeep|x64 = Biodeep|x64
		Biodeep|x86 = Biodeep|x86
		Biostack|Any CPU = Biostack|Any CPU
		Biostack|x64 = Biostack|x64
		Biostack|x86 = Biostack|x86
		Biostack-Debug|Any CPU = Biostack-Debug|Any CPU
		Biostack-Debug|x64 = Biostack-Debug|x64
		Biostack-Debug|x86 = Biostack-Debug|x86
		Debug|Any CPU = Debug|Any CPU
		Debug|x64 = Debug|x64
		Debug|x86 = Debug|x86
		DEMO|Any CPU = DEMO|Any CPU
		DEMO|x64 = DEMO|x64
		DEMO|x86 = DEMO|x86
		docs|Any CPU = docs|Any CPU
		docs|x64 = docs|x64
		docs|x86 = docs|x86
		GCModeller(Release_X64)|Any CPU = GCModeller(Release_X64)|Any CPU
		GCModeller(Release_X64)|x64 = GCModeller(Release_X64)|x64
		GCModeller(Release_X64)|x86 = GCModeller(Release_X64)|x86
		GCModeller(UNIX-Release_X64)|Any CPU = GCModeller(UNIX-Release_X64)|Any CPU
		GCModeller(UNIX-Release_X64)|x64 = GCModeller(UNIX-Release_X64)|x64
		GCModeller(UNIX-Release_X64)|x86 = GCModeller(UNIX-Release_X64)|x86
		installer_x64|Any CPU = installer_x64|Any CPU
		installer_x64|x64 = installer_x64|x64
		installer_x64|x86 = installer_x64|x86
		mysqli_X64_release|Any CPU = mysqli_X64_release|Any CPU
		mysqli_X64_release|x64 = mysqli_X64_release|x64
		mysqli_X64_release|x86 = mysqli_X64_release|x86
		ProteoWizard.d|Any CPU = ProteoWizard.d|Any CPU
		ProteoWizard.d|x64 = ProteoWizard.d|x64
		ProteoWizard.d|x86 = ProteoWizard.d|x86
		Publish|Any CPU = Publish|Any CPU
		Publish|x64 = Publish|x64
		Publish|x86 = Publish|x86
		Release|Any CPU = Release|Any CPU
		Release|x64 = Release|x64
		Release|x86 = Release|x86
		sciBASIC.NET-test-release|Any CPU = sciBASIC.NET-test-release|Any CPU
		sciBASIC.NET-test-release|x64 = sciBASIC.NET-test-release|x64
		sciBASIC.NET-test-release|x86 = sciBASIC.NET-test-release|x86
		Surveillance-of-infectious-diseases|Any CPU = Surveillance-of-infectious-diseases|Any CPU
		Surveillance-of-infectious-diseases|x64 = Surveillance-of-infectious-diseases|x64
		Surveillance-of-infectious-diseases|x86 = Surveillance-of-infectious-diseases|x86
		Yilia-Release_x64|Any CPU = Yilia-Release_x64|Any CPU
		Yilia-Release_x64|x64 = Yilia-Release_x64|x64
		Yilia-Release_x64|x86 = Yilia-Release_x64|x86
	EndGlobalSection
	GlobalSection(ProjectConfigurationPlatforms) = postSolution
		{761CF298-D228-4ECD-93AD-EBA4E17BC2A8}.Biodeep_UNIX_x64|Any CPU.ActiveCfg = Release|Any CPU
		{761CF298-D228-4ECD-93AD-EBA4E17BC2A8}.Biodeep_UNIX_x64|Any CPU.Build.0 = Release|Any CPU
		{761CF298-D228-4ECD-93AD-EBA4E17BC2A8}.Biodeep_UNIX_x64|x64.ActiveCfg = Release|Any CPU
		{761CF298-D228-4ECD-93AD-EBA4E17BC2A8}.Biodeep_UNIX_x64|x64.Build.0 = Release|Any CPU
		{761CF298-D228-4ECD-93AD-EBA4E17BC2A8}.Biodeep_UNIX_x64|x86.ActiveCfg = Release|Any CPU
		{761CF298-D228-4ECD-93AD-EBA4E17BC2A8}.Biodeep_UNIX_x64|x86.Build.0 = Release|Any CPU
		{761CF298-D228-4ECD-93AD-EBA4E17BC2A8}.Biodeep|Any CPU.ActiveCfg = Release|Any CPU
		{761CF298-D228-4ECD-93AD-EBA4E17BC2A8}.Biodeep|Any CPU.Build.0 = Release|Any CPU
		{761CF298-D228-4ECD-93AD-EBA4E17BC2A8}.Biodeep|x64.ActiveCfg = Release|Any CPU
		{761CF298-D228-4ECD-93AD-EBA4E17BC2A8}.Biodeep|x64.Build.0 = Release|Any CPU
		{761CF298-D228-4ECD-93AD-EBA4E17BC2A8}.Biodeep|x86.ActiveCfg = Release|Any CPU
		{761CF298-D228-4ECD-93AD-EBA4E17BC2A8}.Biodeep|x86.Build.0 = Release|Any CPU
		{761CF298-D228-4ECD-93AD-EBA4E17BC2A8}.Biostack|Any CPU.ActiveCfg = Release|Any CPU
		{761CF298-D228-4ECD-93AD-EBA4E17BC2A8}.Biostack|Any CPU.Build.0 = Release|Any CPU
		{761CF298-D228-4ECD-93AD-EBA4E17BC2A8}.Biostack|x64.ActiveCfg = Release|Any CPU
		{761CF298-D228-4ECD-93AD-EBA4E17BC2A8}.Biostack|x64.Build.0 = Release|Any CPU
		{761CF298-D228-4ECD-93AD-EBA4E17BC2A8}.Biostack|x86.ActiveCfg = Release|Any CPU
		{761CF298-D228-4ECD-93AD-EBA4E17BC2A8}.Biostack|x86.Build.0 = Release|Any CPU
		{761CF298-D228-4ECD-93AD-EBA4E17BC2A8}.Biostack-Debug|Any CPU.ActiveCfg = Debug|Any CPU
		{761CF298-D228-4ECD-93AD-EBA4E17BC2A8}.Biostack-Debug|Any CPU.Build.0 = Debug|Any CPU
		{761CF298-D228-4ECD-93AD-EBA4E17BC2A8}.Biostack-Debug|x64.ActiveCfg = Debug|Any CPU
		{761CF298-D228-4ECD-93AD-EBA4E17BC2A8}.Biostack-Debug|x64.Build.0 = Debug|Any CPU
		{761CF298-D228-4ECD-93AD-EBA4E17BC2A8}.Biostack-Debug|x86.ActiveCfg = Debug|Any CPU
		{761CF298-D228-4ECD-93AD-EBA4E17BC2A8}.Biostack-Debug|x86.Build.0 = Debug|Any CPU
		{761CF298-D228-4ECD-93AD-EBA4E17BC2A8}.Debug|Any CPU.ActiveCfg = Debug|Any CPU
		{761CF298-D228-4ECD-93AD-EBA4E17BC2A8}.Debug|Any CPU.Build.0 = Debug|Any CPU
		{761CF298-D228-4ECD-93AD-EBA4E17BC2A8}.Debug|x64.ActiveCfg = Debug|Any CPU
		{761CF298-D228-4ECD-93AD-EBA4E17BC2A8}.Debug|x64.Build.0 = Debug|Any CPU
		{761CF298-D228-4ECD-93AD-EBA4E17BC2A8}.Debug|x86.ActiveCfg = Debug|Any CPU
		{761CF298-D228-4ECD-93AD-EBA4E17BC2A8}.Debug|x86.Build.0 = Debug|Any CPU
		{761CF298-D228-4ECD-93AD-EBA4E17BC2A8}.DEMO|Any CPU.ActiveCfg = Debug|Any CPU
		{761CF298-D228-4ECD-93AD-EBA4E17BC2A8}.DEMO|Any CPU.Build.0 = Debug|Any CPU
		{761CF298-D228-4ECD-93AD-EBA4E17BC2A8}.DEMO|x64.ActiveCfg = Debug|Any CPU
		{761CF298-D228-4ECD-93AD-EBA4E17BC2A8}.DEMO|x64.Build.0 = Debug|Any CPU
		{761CF298-D228-4ECD-93AD-EBA4E17BC2A8}.DEMO|x86.ActiveCfg = Debug|Any CPU
		{761CF298-D228-4ECD-93AD-EBA4E17BC2A8}.DEMO|x86.Build.0 = Debug|Any CPU
		{761CF298-D228-4ECD-93AD-EBA4E17BC2A8}.docs|Any CPU.ActiveCfg = Debug|Any CPU
		{761CF298-D228-4ECD-93AD-EBA4E17BC2A8}.docs|Any CPU.Build.0 = Debug|Any CPU
		{761CF298-D228-4ECD-93AD-EBA4E17BC2A8}.docs|x64.ActiveCfg = Debug|Any CPU
		{761CF298-D228-4ECD-93AD-EBA4E17BC2A8}.docs|x64.Build.0 = Debug|Any CPU
		{761CF298-D228-4ECD-93AD-EBA4E17BC2A8}.docs|x86.ActiveCfg = Debug|Any CPU
		{761CF298-D228-4ECD-93AD-EBA4E17BC2A8}.docs|x86.Build.0 = Debug|Any CPU
		{761CF298-D228-4ECD-93AD-EBA4E17BC2A8}.GCModeller(Release_X64)|Any CPU.ActiveCfg = Release|Any CPU
		{761CF298-D228-4ECD-93AD-EBA4E17BC2A8}.GCModeller(Release_X64)|Any CPU.Build.0 = Release|Any CPU
		{761CF298-D228-4ECD-93AD-EBA4E17BC2A8}.GCModeller(Release_X64)|x64.ActiveCfg = Release|Any CPU
		{761CF298-D228-4ECD-93AD-EBA4E17BC2A8}.GCModeller(Release_X64)|x64.Build.0 = Release|Any CPU
		{761CF298-D228-4ECD-93AD-EBA4E17BC2A8}.GCModeller(Release_X64)|x86.ActiveCfg = Release|Any CPU
		{761CF298-D228-4ECD-93AD-EBA4E17BC2A8}.GCModeller(Release_X64)|x86.Build.0 = Release|Any CPU
		{761CF298-D228-4ECD-93AD-EBA4E17BC2A8}.GCModeller(UNIX-Release_X64)|Any CPU.ActiveCfg = Release|Any CPU
		{761CF298-D228-4ECD-93AD-EBA4E17BC2A8}.GCModeller(UNIX-Release_X64)|Any CPU.Build.0 = Release|Any CPU
		{761CF298-D228-4ECD-93AD-EBA4E17BC2A8}.GCModeller(UNIX-Release_X64)|x64.ActiveCfg = Release|Any CPU
		{761CF298-D228-4ECD-93AD-EBA4E17BC2A8}.GCModeller(UNIX-Release_X64)|x64.Build.0 = Release|Any CPU
		{761CF298-D228-4ECD-93AD-EBA4E17BC2A8}.GCModeller(UNIX-Release_X64)|x86.ActiveCfg = Release|Any CPU
		{761CF298-D228-4ECD-93AD-EBA4E17BC2A8}.GCModeller(UNIX-Release_X64)|x86.Build.0 = Release|Any CPU
		{761CF298-D228-4ECD-93AD-EBA4E17BC2A8}.installer_x64|Any CPU.ActiveCfg = Release|Any CPU
		{761CF298-D228-4ECD-93AD-EBA4E17BC2A8}.installer_x64|Any CPU.Build.0 = Release|Any CPU
		{761CF298-D228-4ECD-93AD-EBA4E17BC2A8}.installer_x64|x64.ActiveCfg = Release|Any CPU
		{761CF298-D228-4ECD-93AD-EBA4E17BC2A8}.installer_x64|x64.Build.0 = Release|Any CPU
		{761CF298-D228-4ECD-93AD-EBA4E17BC2A8}.installer_x64|x86.ActiveCfg = Release|Any CPU
		{761CF298-D228-4ECD-93AD-EBA4E17BC2A8}.installer_x64|x86.Build.0 = Release|Any CPU
		{761CF298-D228-4ECD-93AD-EBA4E17BC2A8}.mysqli_X64_release|Any CPU.ActiveCfg = Release|Any CPU
		{761CF298-D228-4ECD-93AD-EBA4E17BC2A8}.mysqli_X64_release|Any CPU.Build.0 = Release|Any CPU
		{761CF298-D228-4ECD-93AD-EBA4E17BC2A8}.mysqli_X64_release|x64.ActiveCfg = Release|Any CPU
		{761CF298-D228-4ECD-93AD-EBA4E17BC2A8}.mysqli_X64_release|x64.Build.0 = Release|Any CPU
		{761CF298-D228-4ECD-93AD-EBA4E17BC2A8}.mysqli_X64_release|x86.ActiveCfg = Release|Any CPU
		{761CF298-D228-4ECD-93AD-EBA4E17BC2A8}.mysqli_X64_release|x86.Build.0 = Release|Any CPU
		{761CF298-D228-4ECD-93AD-EBA4E17BC2A8}.ProteoWizard.d|Any CPU.ActiveCfg = Release|Any CPU
		{761CF298-D228-4ECD-93AD-EBA4E17BC2A8}.ProteoWizard.d|Any CPU.Build.0 = Release|Any CPU
		{761CF298-D228-4ECD-93AD-EBA4E17BC2A8}.ProteoWizard.d|x64.ActiveCfg = Release|Any CPU
		{761CF298-D228-4ECD-93AD-EBA4E17BC2A8}.ProteoWizard.d|x64.Build.0 = Release|Any CPU
		{761CF298-D228-4ECD-93AD-EBA4E17BC2A8}.ProteoWizard.d|x86.ActiveCfg = Release|Any CPU
		{761CF298-D228-4ECD-93AD-EBA4E17BC2A8}.ProteoWizard.d|x86.Build.0 = Release|Any CPU
		{761CF298-D228-4ECD-93AD-EBA4E17BC2A8}.Publish|Any CPU.ActiveCfg = Release|Any CPU
		{761CF298-D228-4ECD-93AD-EBA4E17BC2A8}.Publish|Any CPU.Build.0 = Release|Any CPU
		{761CF298-D228-4ECD-93AD-EBA4E17BC2A8}.Publish|x64.ActiveCfg = Release|Any CPU
		{761CF298-D228-4ECD-93AD-EBA4E17BC2A8}.Publish|x64.Build.0 = Release|Any CPU
		{761CF298-D228-4ECD-93AD-EBA4E17BC2A8}.Publish|x86.ActiveCfg = Release|Any CPU
		{761CF298-D228-4ECD-93AD-EBA4E17BC2A8}.Publish|x86.Build.0 = Release|Any CPU
		{761CF298-D228-4ECD-93AD-EBA4E17BC2A8}.Release|Any CPU.ActiveCfg = Release|Any CPU
		{761CF298-D228-4ECD-93AD-EBA4E17BC2A8}.Release|Any CPU.Build.0 = Release|Any CPU
		{761CF298-D228-4ECD-93AD-EBA4E17BC2A8}.Release|x64.ActiveCfg = Release|Any CPU
		{761CF298-D228-4ECD-93AD-EBA4E17BC2A8}.Release|x64.Build.0 = Release|Any CPU
		{761CF298-D228-4ECD-93AD-EBA4E17BC2A8}.Release|x86.ActiveCfg = Release|Any CPU
		{761CF298-D228-4ECD-93AD-EBA4E17BC2A8}.Release|x86.Build.0 = Release|Any CPU
		{761CF298-D228-4ECD-93AD-EBA4E17BC2A8}.sciBASIC.NET-test-release|Any CPU.ActiveCfg = Release|Any CPU
		{761CF298-D228-4ECD-93AD-EBA4E17BC2A8}.sciBASIC.NET-test-release|Any CPU.Build.0 = Release|Any CPU
		{761CF298-D228-4ECD-93AD-EBA4E17BC2A8}.sciBASIC.NET-test-release|x64.ActiveCfg = Release|Any CPU
		{761CF298-D228-4ECD-93AD-EBA4E17BC2A8}.sciBASIC.NET-test-release|x64.Build.0 = Release|Any CPU
		{761CF298-D228-4ECD-93AD-EBA4E17BC2A8}.sciBASIC.NET-test-release|x86.ActiveCfg = Release|Any CPU
		{761CF298-D228-4ECD-93AD-EBA4E17BC2A8}.sciBASIC.NET-test-release|x86.Build.0 = Release|Any CPU
		{761CF298-D228-4ECD-93AD-EBA4E17BC2A8}.Surveillance-of-infectious-diseases|Any CPU.ActiveCfg = Release|Any CPU
		{761CF298-D228-4ECD-93AD-EBA4E17BC2A8}.Surveillance-of-infectious-diseases|Any CPU.Build.0 = Release|Any CPU
		{761CF298-D228-4ECD-93AD-EBA4E17BC2A8}.Surveillance-of-infectious-diseases|x64.ActiveCfg = Release|Any CPU
		{761CF298-D228-4ECD-93AD-EBA4E17BC2A8}.Surveillance-of-infectious-diseases|x64.Build.0 = Release|Any CPU
		{761CF298-D228-4ECD-93AD-EBA4E17BC2A8}.Surveillance-of-infectious-diseases|x86.ActiveCfg = Release|Any CPU
		{761CF298-D228-4ECD-93AD-EBA4E17BC2A8}.Surveillance-of-infectious-diseases|x86.Build.0 = Release|Any CPU
		{761CF298-D228-4ECD-93AD-EBA4E17BC2A8}.Yilia-Release_x64|Any CPU.ActiveCfg = Release|Any CPU
		{761CF298-D228-4ECD-93AD-EBA4E17BC2A8}.Yilia-Release_x64|Any CPU.Build.0 = Release|Any CPU
		{761CF298-D228-4ECD-93AD-EBA4E17BC2A8}.Yilia-Release_x64|x64.ActiveCfg = Release|Any CPU
		{761CF298-D228-4ECD-93AD-EBA4E17BC2A8}.Yilia-Release_x64|x64.Build.0 = Release|Any CPU
		{761CF298-D228-4ECD-93AD-EBA4E17BC2A8}.Yilia-Release_x64|x86.ActiveCfg = Release|Any CPU
		{761CF298-D228-4ECD-93AD-EBA4E17BC2A8}.Yilia-Release_x64|x86.Build.0 = Release|Any CPU
		{FECCE1FD-E1D4-49E3-A668-60BB5E7AED99}.Biodeep_UNIX_x64|Any CPU.ActiveCfg = Biodeep_UNIX_x64|Any CPU
		{FECCE1FD-E1D4-49E3-A668-60BB5E7AED99}.Biodeep_UNIX_x64|Any CPU.Build.0 = Biodeep_UNIX_x64|Any CPU
		{FECCE1FD-E1D4-49E3-A668-60BB5E7AED99}.Biodeep_UNIX_x64|x64.ActiveCfg = Biodeep_UNIX_x64|x64
		{FECCE1FD-E1D4-49E3-A668-60BB5E7AED99}.Biodeep_UNIX_x64|x64.Build.0 = Biodeep_UNIX_x64|x64
		{FECCE1FD-E1D4-49E3-A668-60BB5E7AED99}.Biodeep_UNIX_x64|x86.ActiveCfg = Biodeep_UNIX_x64|x86
		{FECCE1FD-E1D4-49E3-A668-60BB5E7AED99}.Biodeep_UNIX_x64|x86.Build.0 = Biodeep_UNIX_x64|x86
		{FECCE1FD-E1D4-49E3-A668-60BB5E7AED99}.Biodeep|Any CPU.ActiveCfg = Biodeep|Any CPU
		{FECCE1FD-E1D4-49E3-A668-60BB5E7AED99}.Biodeep|Any CPU.Build.0 = Biodeep|Any CPU
		{FECCE1FD-E1D4-49E3-A668-60BB5E7AED99}.Biodeep|x64.ActiveCfg = Biodeep|x64
		{FECCE1FD-E1D4-49E3-A668-60BB5E7AED99}.Biodeep|x64.Build.0 = Biodeep|x64
		{FECCE1FD-E1D4-49E3-A668-60BB5E7AED99}.Biodeep|x86.ActiveCfg = Biodeep|x86
		{FECCE1FD-E1D4-49E3-A668-60BB5E7AED99}.Biodeep|x86.Build.0 = Biodeep|x86
		{FECCE1FD-E1D4-49E3-A668-60BB5E7AED99}.Biostack|Any CPU.ActiveCfg = Biostack|Any CPU
		{FECCE1FD-E1D4-49E3-A668-60BB5E7AED99}.Biostack|Any CPU.Build.0 = Biostack|Any CPU
		{FECCE1FD-E1D4-49E3-A668-60BB5E7AED99}.Biostack|x64.ActiveCfg = Biostack|x64
		{FECCE1FD-E1D4-49E3-A668-60BB5E7AED99}.Biostack|x64.Build.0 = Biostack|x64
		{FECCE1FD-E1D4-49E3-A668-60BB5E7AED99}.Biostack|x86.ActiveCfg = Biostack|x86
		{FECCE1FD-E1D4-49E3-A668-60BB5E7AED99}.Biostack|x86.Build.0 = Biostack|x86
		{FECCE1FD-E1D4-49E3-A668-60BB5E7AED99}.Biostack-Debug|Any CPU.ActiveCfg = Biostack-Debug|Any CPU
		{FECCE1FD-E1D4-49E3-A668-60BB5E7AED99}.Biostack-Debug|Any CPU.Build.0 = Biostack-Debug|Any CPU
		{FECCE1FD-E1D4-49E3-A668-60BB5E7AED99}.Biostack-Debug|x64.ActiveCfg = Biostack-Debug|x64
		{FECCE1FD-E1D4-49E3-A668-60BB5E7AED99}.Biostack-Debug|x64.Build.0 = Biostack-Debug|x64
		{FECCE1FD-E1D4-49E3-A668-60BB5E7AED99}.Biostack-Debug|x86.ActiveCfg = Biostack-Debug|x86
		{FECCE1FD-E1D4-49E3-A668-60BB5E7AED99}.Biostack-Debug|x86.Build.0 = Biostack-Debug|x86
		{FECCE1FD-E1D4-49E3-A668-60BB5E7AED99}.Debug|Any CPU.ActiveCfg = Debug|Any CPU
		{FECCE1FD-E1D4-49E3-A668-60BB5E7AED99}.Debug|Any CPU.Build.0 = Debug|Any CPU
		{FECCE1FD-E1D4-49E3-A668-60BB5E7AED99}.Debug|x64.ActiveCfg = Debug|x64
		{FECCE1FD-E1D4-49E3-A668-60BB5E7AED99}.Debug|x64.Build.0 = Debug|x64
		{FECCE1FD-E1D4-49E3-A668-60BB5E7AED99}.Debug|x86.ActiveCfg = Debug|x86
		{FECCE1FD-E1D4-49E3-A668-60BB5E7AED99}.Debug|x86.Build.0 = Debug|x86
		{FECCE1FD-E1D4-49E3-A668-60BB5E7AED99}.DEMO|Any CPU.ActiveCfg = DEMO|Any CPU
		{FECCE1FD-E1D4-49E3-A668-60BB5E7AED99}.DEMO|Any CPU.Build.0 = DEMO|Any CPU
		{FECCE1FD-E1D4-49E3-A668-60BB5E7AED99}.DEMO|x64.ActiveCfg = DEMO|x64
		{FECCE1FD-E1D4-49E3-A668-60BB5E7AED99}.DEMO|x64.Build.0 = DEMO|x64
		{FECCE1FD-E1D4-49E3-A668-60BB5E7AED99}.DEMO|x86.ActiveCfg = DEMO|x86
		{FECCE1FD-E1D4-49E3-A668-60BB5E7AED99}.DEMO|x86.Build.0 = DEMO|x86
		{FECCE1FD-E1D4-49E3-A668-60BB5E7AED99}.docs|Any CPU.ActiveCfg = docs|Any CPU
		{FECCE1FD-E1D4-49E3-A668-60BB5E7AED99}.docs|Any CPU.Build.0 = docs|Any CPU
		{FECCE1FD-E1D4-49E3-A668-60BB5E7AED99}.docs|x64.ActiveCfg = docs|x64
		{FECCE1FD-E1D4-49E3-A668-60BB5E7AED99}.docs|x64.Build.0 = docs|x64
		{FECCE1FD-E1D4-49E3-A668-60BB5E7AED99}.docs|x86.ActiveCfg = docs|x86
		{FECCE1FD-E1D4-49E3-A668-60BB5E7AED99}.docs|x86.Build.0 = docs|x86
		{FECCE1FD-E1D4-49E3-A668-60BB5E7AED99}.GCModeller(Release_X64)|Any CPU.ActiveCfg = GCModeller(Release_X64)|Any CPU
		{FECCE1FD-E1D4-49E3-A668-60BB5E7AED99}.GCModeller(Release_X64)|Any CPU.Build.0 = GCModeller(Release_X64)|Any CPU
		{FECCE1FD-E1D4-49E3-A668-60BB5E7AED99}.GCModeller(Release_X64)|x64.ActiveCfg = GCModeller(Release_X64)|x64
		{FECCE1FD-E1D4-49E3-A668-60BB5E7AED99}.GCModeller(Release_X64)|x64.Build.0 = GCModeller(Release_X64)|x64
		{FECCE1FD-E1D4-49E3-A668-60BB5E7AED99}.GCModeller(Release_X64)|x86.ActiveCfg = GCModeller(Release_X64)|x86
		{FECCE1FD-E1D4-49E3-A668-60BB5E7AED99}.GCModeller(Release_X64)|x86.Build.0 = GCModeller(Release_X64)|x86
		{FECCE1FD-E1D4-49E3-A668-60BB5E7AED99}.GCModeller(UNIX-Release_X64)|Any CPU.ActiveCfg = GCModeller(UNIX-Release_X64)|Any CPU
		{FECCE1FD-E1D4-49E3-A668-60BB5E7AED99}.GCModeller(UNIX-Release_X64)|Any CPU.Build.0 = GCModeller(UNIX-Release_X64)|Any CPU
		{FECCE1FD-E1D4-49E3-A668-60BB5E7AED99}.GCModeller(UNIX-Release_X64)|x64.ActiveCfg = GCModeller(UNIX-Release_X64)|x64
		{FECCE1FD-E1D4-49E3-A668-60BB5E7AED99}.GCModeller(UNIX-Release_X64)|x64.Build.0 = GCModeller(UNIX-Release_X64)|x64
		{FECCE1FD-E1D4-49E3-A668-60BB5E7AED99}.GCModeller(UNIX-Release_X64)|x86.ActiveCfg = GCModeller(UNIX-Release_X64)|x86
		{FECCE1FD-E1D4-49E3-A668-60BB5E7AED99}.GCModeller(UNIX-Release_X64)|x86.Build.0 = GCModeller(UNIX-Release_X64)|x86
		{FECCE1FD-E1D4-49E3-A668-60BB5E7AED99}.installer_x64|Any CPU.ActiveCfg = installer_x64|Any CPU
		{FECCE1FD-E1D4-49E3-A668-60BB5E7AED99}.installer_x64|Any CPU.Build.0 = installer_x64|Any CPU
		{FECCE1FD-E1D4-49E3-A668-60BB5E7AED99}.installer_x64|x64.ActiveCfg = installer_x64|x64
		{FECCE1FD-E1D4-49E3-A668-60BB5E7AED99}.installer_x64|x64.Build.0 = installer_x64|x64
		{FECCE1FD-E1D4-49E3-A668-60BB5E7AED99}.installer_x64|x86.ActiveCfg = installer_x64|x86
		{FECCE1FD-E1D4-49E3-A668-60BB5E7AED99}.installer_x64|x86.Build.0 = installer_x64|x86
		{FECCE1FD-E1D4-49E3-A668-60BB5E7AED99}.mysqli_X64_release|Any CPU.ActiveCfg = mysqli_X64_release|Any CPU
		{FECCE1FD-E1D4-49E3-A668-60BB5E7AED99}.mysqli_X64_release|Any CPU.Build.0 = mysqli_X64_release|Any CPU
		{FECCE1FD-E1D4-49E3-A668-60BB5E7AED99}.mysqli_X64_release|x64.ActiveCfg = mysqli_X64_release|x64
		{FECCE1FD-E1D4-49E3-A668-60BB5E7AED99}.mysqli_X64_release|x64.Build.0 = mysqli_X64_release|x64
		{FECCE1FD-E1D4-49E3-A668-60BB5E7AED99}.mysqli_X64_release|x86.ActiveCfg = mysqli_X64_release|x86
		{FECCE1FD-E1D4-49E3-A668-60BB5E7AED99}.mysqli_X64_release|x86.Build.0 = mysqli_X64_release|x86
		{FECCE1FD-E1D4-49E3-A668-60BB5E7AED99}.ProteoWizard.d|Any CPU.ActiveCfg = ProteoWizard.d|Any CPU
		{FECCE1FD-E1D4-49E3-A668-60BB5E7AED99}.ProteoWizard.d|Any CPU.Build.0 = ProteoWizard.d|Any CPU
		{FECCE1FD-E1D4-49E3-A668-60BB5E7AED99}.ProteoWizard.d|x64.ActiveCfg = ProteoWizard.d|x64
		{FECCE1FD-E1D4-49E3-A668-60BB5E7AED99}.ProteoWizard.d|x64.Build.0 = ProteoWizard.d|x64
		{FECCE1FD-E1D4-49E3-A668-60BB5E7AED99}.ProteoWizard.d|x86.ActiveCfg = ProteoWizard.d|x86
		{FECCE1FD-E1D4-49E3-A668-60BB5E7AED99}.ProteoWizard.d|x86.Build.0 = ProteoWizard.d|x86
		{FECCE1FD-E1D4-49E3-A668-60BB5E7AED99}.Publish|Any CPU.ActiveCfg = Publish|Any CPU
		{FECCE1FD-E1D4-49E3-A668-60BB5E7AED99}.Publish|Any CPU.Build.0 = Publish|Any CPU
		{FECCE1FD-E1D4-49E3-A668-60BB5E7AED99}.Publish|x64.ActiveCfg = Publish|x64
		{FECCE1FD-E1D4-49E3-A668-60BB5E7AED99}.Publish|x64.Build.0 = Publish|x64
		{FECCE1FD-E1D4-49E3-A668-60BB5E7AED99}.Publish|x86.ActiveCfg = Publish|x86
		{FECCE1FD-E1D4-49E3-A668-60BB5E7AED99}.Publish|x86.Build.0 = Publish|x86
		{FECCE1FD-E1D4-49E3-A668-60BB5E7AED99}.Release|Any CPU.ActiveCfg = Release|Any CPU
		{FECCE1FD-E1D4-49E3-A668-60BB5E7AED99}.Release|Any CPU.Build.0 = Release|Any CPU
		{FECCE1FD-E1D4-49E3-A668-60BB5E7AED99}.Release|x64.ActiveCfg = Release|x64
		{FECCE1FD-E1D4-49E3-A668-60BB5E7AED99}.Release|x64.Build.0 = Release|x64
		{FECCE1FD-E1D4-49E3-A668-60BB5E7AED99}.Release|x86.ActiveCfg = Release|x86
		{FECCE1FD-E1D4-49E3-A668-60BB5E7AED99}.Release|x86.Build.0 = Release|x86
		{FECCE1FD-E1D4-49E3-A668-60BB5E7AED99}.sciBASIC.NET-test-release|Any CPU.ActiveCfg = sciBASIC.NET-test-release|Any CPU
		{FECCE1FD-E1D4-49E3-A668-60BB5E7AED99}.sciBASIC.NET-test-release|Any CPU.Build.0 = sciBASIC.NET-test-release|Any CPU
		{FECCE1FD-E1D4-49E3-A668-60BB5E7AED99}.sciBASIC.NET-test-release|x64.ActiveCfg = sciBASIC.NET-test-release|x64
		{FECCE1FD-E1D4-49E3-A668-60BB5E7AED99}.sciBASIC.NET-test-release|x64.Build.0 = sciBASIC.NET-test-release|x64
		{FECCE1FD-E1D4-49E3-A668-60BB5E7AED99}.sciBASIC.NET-test-release|x86.ActiveCfg = sciBASIC.NET-test-release|x86
		{FECCE1FD-E1D4-49E3-A668-60BB5E7AED99}.sciBASIC.NET-test-release|x86.Build.0 = sciBASIC.NET-test-release|x86
		{FECCE1FD-E1D4-49E3-A668-60BB5E7AED99}.Surveillance-of-infectious-diseases|Any CPU.ActiveCfg = Surveillance-of-infectious-diseases|Any CPU
		{FECCE1FD-E1D4-49E3-A668-60BB5E7AED99}.Surveillance-of-infectious-diseases|Any CPU.Build.0 = Surveillance-of-infectious-diseases|Any CPU
		{FECCE1FD-E1D4-49E3-A668-60BB5E7AED99}.Surveillance-of-infectious-diseases|x64.ActiveCfg = Surveillance-of-infectious-diseases|x64
		{FECCE1FD-E1D4-49E3-A668-60BB5E7AED99}.Surveillance-of-infectious-diseases|x64.Build.0 = Surveillance-of-infectious-diseases|x64
		{FECCE1FD-E1D4-49E3-A668-60BB5E7AED99}.Surveillance-of-infectious-diseases|x86.ActiveCfg = Surveillance-of-infectious-diseases|x86
		{FECCE1FD-E1D4-49E3-A668-60BB5E7AED99}.Surveillance-of-infectious-diseases|x86.Build.0 = Surveillance-of-infectious-diseases|x86
		{FECCE1FD-E1D4-49E3-A668-60BB5E7AED99}.Yilia-Release_x64|Any CPU.ActiveCfg = Yilia-Release_x64|Any CPU
		{FECCE1FD-E1D4-49E3-A668-60BB5E7AED99}.Yilia-Release_x64|Any CPU.Build.0 = Yilia-Release_x64|Any CPU
		{FECCE1FD-E1D4-49E3-A668-60BB5E7AED99}.Yilia-Release_x64|x64.ActiveCfg = Yilia-Release_x64|x64
		{FECCE1FD-E1D4-49E3-A668-60BB5E7AED99}.Yilia-Release_x64|x64.Build.0 = Yilia-Release_x64|x64
		{FECCE1FD-E1D4-49E3-A668-60BB5E7AED99}.Yilia-Release_x64|x86.ActiveCfg = Yilia-Release_x64|x86
		{FECCE1FD-E1D4-49E3-A668-60BB5E7AED99}.Yilia-Release_x64|x86.Build.0 = Yilia-Release_x64|x86
		{487D7C92-D05A-4908-BF81-E6BABA0BF592}.Biodeep_UNIX_x64|Any CPU.ActiveCfg = Biodeep|Any CPU
		{487D7C92-D05A-4908-BF81-E6BABA0BF592}.Biodeep_UNIX_x64|Any CPU.Build.0 = Biodeep|Any CPU
		{487D7C92-D05A-4908-BF81-E6BABA0BF592}.Biodeep_UNIX_x64|x64.ActiveCfg = Biodeep|x64
		{487D7C92-D05A-4908-BF81-E6BABA0BF592}.Biodeep_UNIX_x64|x64.Build.0 = Biodeep|x64
		{487D7C92-D05A-4908-BF81-E6BABA0BF592}.Biodeep_UNIX_x64|x86.ActiveCfg = Biodeep|x86
		{487D7C92-D05A-4908-BF81-E6BABA0BF592}.Biodeep_UNIX_x64|x86.Build.0 = Biodeep|x86
		{487D7C92-D05A-4908-BF81-E6BABA0BF592}.Biodeep|Any CPU.ActiveCfg = Biodeep|Any CPU
		{487D7C92-D05A-4908-BF81-E6BABA0BF592}.Biodeep|Any CPU.Build.0 = Biodeep|Any CPU
		{487D7C92-D05A-4908-BF81-E6BABA0BF592}.Biodeep|x64.ActiveCfg = Biodeep|x64
		{487D7C92-D05A-4908-BF81-E6BABA0BF592}.Biodeep|x64.Build.0 = Biodeep|x64
		{487D7C92-D05A-4908-BF81-E6BABA0BF592}.Biodeep|x86.ActiveCfg = Biodeep|x86
		{487D7C92-D05A-4908-BF81-E6BABA0BF592}.Biodeep|x86.Build.0 = Biodeep|x86
		{487D7C92-D05A-4908-BF81-E6BABA0BF592}.Biostack|Any CPU.ActiveCfg = Biodeep|Any CPU
		{487D7C92-D05A-4908-BF81-E6BABA0BF592}.Biostack|Any CPU.Build.0 = Biodeep|Any CPU
		{487D7C92-D05A-4908-BF81-E6BABA0BF592}.Biostack|x64.ActiveCfg = Biodeep|x64
		{487D7C92-D05A-4908-BF81-E6BABA0BF592}.Biostack|x64.Build.0 = Biodeep|x64
		{487D7C92-D05A-4908-BF81-E6BABA0BF592}.Biostack|x86.ActiveCfg = Biodeep|x86
		{487D7C92-D05A-4908-BF81-E6BABA0BF592}.Biostack|x86.Build.0 = Biodeep|x86
		{487D7C92-D05A-4908-BF81-E6BABA0BF592}.Biostack-Debug|Any CPU.ActiveCfg = Debug|Any CPU
		{487D7C92-D05A-4908-BF81-E6BABA0BF592}.Biostack-Debug|Any CPU.Build.0 = Debug|Any CPU
		{487D7C92-D05A-4908-BF81-E6BABA0BF592}.Biostack-Debug|x64.ActiveCfg = Debug|x64
		{487D7C92-D05A-4908-BF81-E6BABA0BF592}.Biostack-Debug|x64.Build.0 = Debug|x64
		{487D7C92-D05A-4908-BF81-E6BABA0BF592}.Biostack-Debug|x86.ActiveCfg = Debug|x86
		{487D7C92-D05A-4908-BF81-E6BABA0BF592}.Biostack-Debug|x86.Build.0 = Debug|x86
		{487D7C92-D05A-4908-BF81-E6BABA0BF592}.Debug|Any CPU.ActiveCfg = Debug|Any CPU
		{487D7C92-D05A-4908-BF81-E6BABA0BF592}.Debug|Any CPU.Build.0 = Debug|Any CPU
		{487D7C92-D05A-4908-BF81-E6BABA0BF592}.Debug|x64.ActiveCfg = Debug|x64
		{487D7C92-D05A-4908-BF81-E6BABA0BF592}.Debug|x64.Build.0 = Debug|x64
		{487D7C92-D05A-4908-BF81-E6BABA0BF592}.Debug|x86.ActiveCfg = Debug|x86
		{487D7C92-D05A-4908-BF81-E6BABA0BF592}.Debug|x86.Build.0 = Debug|x86
		{487D7C92-D05A-4908-BF81-E6BABA0BF592}.DEMO|Any CPU.ActiveCfg = Debug|Any CPU
		{487D7C92-D05A-4908-BF81-E6BABA0BF592}.DEMO|Any CPU.Build.0 = Debug|Any CPU
		{487D7C92-D05A-4908-BF81-E6BABA0BF592}.DEMO|x64.ActiveCfg = Debug|x64
		{487D7C92-D05A-4908-BF81-E6BABA0BF592}.DEMO|x64.Build.0 = Debug|x64
		{487D7C92-D05A-4908-BF81-E6BABA0BF592}.DEMO|x86.ActiveCfg = Debug|x86
		{487D7C92-D05A-4908-BF81-E6BABA0BF592}.DEMO|x86.Build.0 = Debug|x86
		{487D7C92-D05A-4908-BF81-E6BABA0BF592}.docs|Any CPU.ActiveCfg = docs|Any CPU
		{487D7C92-D05A-4908-BF81-E6BABA0BF592}.docs|Any CPU.Build.0 = docs|Any CPU
		{487D7C92-D05A-4908-BF81-E6BABA0BF592}.docs|x64.ActiveCfg = docs|x64
		{487D7C92-D05A-4908-BF81-E6BABA0BF592}.docs|x64.Build.0 = docs|x64
		{487D7C92-D05A-4908-BF81-E6BABA0BF592}.docs|x86.ActiveCfg = docs|x86
		{487D7C92-D05A-4908-BF81-E6BABA0BF592}.docs|x86.Build.0 = docs|x86
		{487D7C92-D05A-4908-BF81-E6BABA0BF592}.GCModeller(Release_X64)|Any CPU.ActiveCfg = GCModeller(Release_X64)|Any CPU
		{487D7C92-D05A-4908-BF81-E6BABA0BF592}.GCModeller(Release_X64)|Any CPU.Build.0 = GCModeller(Release_X64)|Any CPU
		{487D7C92-D05A-4908-BF81-E6BABA0BF592}.GCModeller(Release_X64)|x64.ActiveCfg = GCModeller(Release_X64)|x64
		{487D7C92-D05A-4908-BF81-E6BABA0BF592}.GCModeller(Release_X64)|x64.Build.0 = GCModeller(Release_X64)|x64
		{487D7C92-D05A-4908-BF81-E6BABA0BF592}.GCModeller(Release_X64)|x86.ActiveCfg = GCModeller(Release_X64)|x86
		{487D7C92-D05A-4908-BF81-E6BABA0BF592}.GCModeller(Release_X64)|x86.Build.0 = GCModeller(Release_X64)|x86
		{487D7C92-D05A-4908-BF81-E6BABA0BF592}.GCModeller(UNIX-Release_X64)|Any CPU.ActiveCfg = GCModeller(UNIX-Release_X64)|Any CPU
		{487D7C92-D05A-4908-BF81-E6BABA0BF592}.GCModeller(UNIX-Release_X64)|Any CPU.Build.0 = GCModeller(UNIX-Release_X64)|Any CPU
		{487D7C92-D05A-4908-BF81-E6BABA0BF592}.GCModeller(UNIX-Release_X64)|x64.ActiveCfg = GCModeller(UNIX-Release_X64)|x64
		{487D7C92-D05A-4908-BF81-E6BABA0BF592}.GCModeller(UNIX-Release_X64)|x64.Build.0 = GCModeller(UNIX-Release_X64)|x64
		{487D7C92-D05A-4908-BF81-E6BABA0BF592}.GCModeller(UNIX-Release_X64)|x86.ActiveCfg = GCModeller(UNIX-Release_X64)|x86
		{487D7C92-D05A-4908-BF81-E6BABA0BF592}.GCModeller(UNIX-Release_X64)|x86.Build.0 = GCModeller(UNIX-Release_X64)|x86
		{487D7C92-D05A-4908-BF81-E6BABA0BF592}.installer_x64|Any CPU.ActiveCfg = installer_x64|Any CPU
		{487D7C92-D05A-4908-BF81-E6BABA0BF592}.installer_x64|Any CPU.Build.0 = installer_x64|Any CPU
		{487D7C92-D05A-4908-BF81-E6BABA0BF592}.installer_x64|x64.ActiveCfg = installer_x64|x64
		{487D7C92-D05A-4908-BF81-E6BABA0BF592}.installer_x64|x64.Build.0 = installer_x64|x64
		{487D7C92-D05A-4908-BF81-E6BABA0BF592}.installer_x64|x86.ActiveCfg = installer_x64|x86
		{487D7C92-D05A-4908-BF81-E6BABA0BF592}.installer_x64|x86.Build.0 = installer_x64|x86
		{487D7C92-D05A-4908-BF81-E6BABA0BF592}.mysqli_X64_release|Any CPU.ActiveCfg = Biodeep|Any CPU
		{487D7C92-D05A-4908-BF81-E6BABA0BF592}.mysqli_X64_release|Any CPU.Build.0 = Biodeep|Any CPU
		{487D7C92-D05A-4908-BF81-E6BABA0BF592}.mysqli_X64_release|x64.ActiveCfg = Biodeep|x64
		{487D7C92-D05A-4908-BF81-E6BABA0BF592}.mysqli_X64_release|x64.Build.0 = Biodeep|x64
		{487D7C92-D05A-4908-BF81-E6BABA0BF592}.mysqli_X64_release|x86.ActiveCfg = Biodeep|x86
		{487D7C92-D05A-4908-BF81-E6BABA0BF592}.mysqli_X64_release|x86.Build.0 = Biodeep|x86
		{487D7C92-D05A-4908-BF81-E6BABA0BF592}.ProteoWizard.d|Any CPU.ActiveCfg = Publish|Any CPU
		{487D7C92-D05A-4908-BF81-E6BABA0BF592}.ProteoWizard.d|Any CPU.Build.0 = Publish|Any CPU
		{487D7C92-D05A-4908-BF81-E6BABA0BF592}.ProteoWizard.d|x64.ActiveCfg = Publish|x64
		{487D7C92-D05A-4908-BF81-E6BABA0BF592}.ProteoWizard.d|x64.Build.0 = Publish|x64
		{487D7C92-D05A-4908-BF81-E6BABA0BF592}.ProteoWizard.d|x86.ActiveCfg = Publish|x86
		{487D7C92-D05A-4908-BF81-E6BABA0BF592}.ProteoWizard.d|x86.Build.0 = Publish|x86
		{487D7C92-D05A-4908-BF81-E6BABA0BF592}.Publish|Any CPU.ActiveCfg = Publish|Any CPU
		{487D7C92-D05A-4908-BF81-E6BABA0BF592}.Publish|Any CPU.Build.0 = Publish|Any CPU
		{487D7C92-D05A-4908-BF81-E6BABA0BF592}.Publish|x64.ActiveCfg = Publish|x64
		{487D7C92-D05A-4908-BF81-E6BABA0BF592}.Publish|x64.Build.0 = Publish|x64
		{487D7C92-D05A-4908-BF81-E6BABA0BF592}.Publish|x86.ActiveCfg = Publish|x86
		{487D7C92-D05A-4908-BF81-E6BABA0BF592}.Publish|x86.Build.0 = Publish|x86
		{487D7C92-D05A-4908-BF81-E6BABA0BF592}.Release|Any CPU.ActiveCfg = Release|Any CPU
		{487D7C92-D05A-4908-BF81-E6BABA0BF592}.Release|Any CPU.Build.0 = Release|Any CPU
		{487D7C92-D05A-4908-BF81-E6BABA0BF592}.Release|x64.ActiveCfg = Release|x64
		{487D7C92-D05A-4908-BF81-E6BABA0BF592}.Release|x64.Build.0 = Release|x64
		{487D7C92-D05A-4908-BF81-E6BABA0BF592}.Release|x86.ActiveCfg = Release|x86
		{487D7C92-D05A-4908-BF81-E6BABA0BF592}.Release|x86.Build.0 = Release|x86
		{487D7C92-D05A-4908-BF81-E6BABA0BF592}.sciBASIC.NET-test-release|Any CPU.ActiveCfg = Biodeep|Any CPU
		{487D7C92-D05A-4908-BF81-E6BABA0BF592}.sciBASIC.NET-test-release|Any CPU.Build.0 = Biodeep|Any CPU
		{487D7C92-D05A-4908-BF81-E6BABA0BF592}.sciBASIC.NET-test-release|x64.ActiveCfg = Biodeep|x64
		{487D7C92-D05A-4908-BF81-E6BABA0BF592}.sciBASIC.NET-test-release|x64.Build.0 = Biodeep|x64
		{487D7C92-D05A-4908-BF81-E6BABA0BF592}.sciBASIC.NET-test-release|x86.ActiveCfg = Biodeep|x86
		{487D7C92-D05A-4908-BF81-E6BABA0BF592}.sciBASIC.NET-test-release|x86.Build.0 = Biodeep|x86
		{487D7C92-D05A-4908-BF81-E6BABA0BF592}.Surveillance-of-infectious-diseases|Any CPU.ActiveCfg = Biodeep|Any CPU
		{487D7C92-D05A-4908-BF81-E6BABA0BF592}.Surveillance-of-infectious-diseases|Any CPU.Build.0 = Biodeep|Any CPU
		{487D7C92-D05A-4908-BF81-E6BABA0BF592}.Surveillance-of-infectious-diseases|x64.ActiveCfg = Biodeep|x64
		{487D7C92-D05A-4908-BF81-E6BABA0BF592}.Surveillance-of-infectious-diseases|x64.Build.0 = Biodeep|x64
		{487D7C92-D05A-4908-BF81-E6BABA0BF592}.Surveillance-of-infectious-diseases|x86.ActiveCfg = Biodeep|x86
		{487D7C92-D05A-4908-BF81-E6BABA0BF592}.Surveillance-of-infectious-diseases|x86.Build.0 = Biodeep|x86
		{487D7C92-D05A-4908-BF81-E6BABA0BF592}.Yilia-Release_x64|Any CPU.ActiveCfg = Release|Any CPU
		{487D7C92-D05A-4908-BF81-E6BABA0BF592}.Yilia-Release_x64|Any CPU.Build.0 = Release|Any CPU
		{487D7C92-D05A-4908-BF81-E6BABA0BF592}.Yilia-Release_x64|x64.ActiveCfg = Release|x64
		{487D7C92-D05A-4908-BF81-E6BABA0BF592}.Yilia-Release_x64|x64.Build.0 = Release|x64
		{487D7C92-D05A-4908-BF81-E6BABA0BF592}.Yilia-Release_x64|x86.ActiveCfg = Release|x86
		{487D7C92-D05A-4908-BF81-E6BABA0BF592}.Yilia-Release_x64|x86.Build.0 = Release|x86
		{C1C1C9F4-74C9-4551-B808-C0DF64A5DFE1}.Biodeep_UNIX_x64|Any CPU.ActiveCfg = Release|Any CPU
		{C1C1C9F4-74C9-4551-B808-C0DF64A5DFE1}.Biodeep_UNIX_x64|Any CPU.Build.0 = Release|Any CPU
		{C1C1C9F4-74C9-4551-B808-C0DF64A5DFE1}.Biodeep_UNIX_x64|x64.ActiveCfg = Release|Any CPU
		{C1C1C9F4-74C9-4551-B808-C0DF64A5DFE1}.Biodeep_UNIX_x64|x64.Build.0 = Release|Any CPU
		{C1C1C9F4-74C9-4551-B808-C0DF64A5DFE1}.Biodeep_UNIX_x64|x86.ActiveCfg = Release|Any CPU
		{C1C1C9F4-74C9-4551-B808-C0DF64A5DFE1}.Biodeep_UNIX_x64|x86.Build.0 = Release|Any CPU
		{C1C1C9F4-74C9-4551-B808-C0DF64A5DFE1}.Biodeep|Any CPU.ActiveCfg = Release|Any CPU
		{C1C1C9F4-74C9-4551-B808-C0DF64A5DFE1}.Biodeep|Any CPU.Build.0 = Release|Any CPU
		{C1C1C9F4-74C9-4551-B808-C0DF64A5DFE1}.Biodeep|x64.ActiveCfg = Release|Any CPU
		{C1C1C9F4-74C9-4551-B808-C0DF64A5DFE1}.Biodeep|x64.Build.0 = Release|Any CPU
		{C1C1C9F4-74C9-4551-B808-C0DF64A5DFE1}.Biodeep|x86.ActiveCfg = Release|Any CPU
		{C1C1C9F4-74C9-4551-B808-C0DF64A5DFE1}.Biodeep|x86.Build.0 = Release|Any CPU
		{C1C1C9F4-74C9-4551-B808-C0DF64A5DFE1}.Biostack|Any CPU.ActiveCfg = Release|Any CPU
		{C1C1C9F4-74C9-4551-B808-C0DF64A5DFE1}.Biostack|Any CPU.Build.0 = Release|Any CPU
		{C1C1C9F4-74C9-4551-B808-C0DF64A5DFE1}.Biostack|x64.ActiveCfg = Release|Any CPU
		{C1C1C9F4-74C9-4551-B808-C0DF64A5DFE1}.Biostack|x64.Build.0 = Release|Any CPU
		{C1C1C9F4-74C9-4551-B808-C0DF64A5DFE1}.Biostack|x86.ActiveCfg = Release|Any CPU
		{C1C1C9F4-74C9-4551-B808-C0DF64A5DFE1}.Biostack|x86.Build.0 = Release|Any CPU
		{C1C1C9F4-74C9-4551-B808-C0DF64A5DFE1}.Biostack-Debug|Any CPU.ActiveCfg = Debug|Any CPU
		{C1C1C9F4-74C9-4551-B808-C0DF64A5DFE1}.Biostack-Debug|Any CPU.Build.0 = Debug|Any CPU
		{C1C1C9F4-74C9-4551-B808-C0DF64A5DFE1}.Biostack-Debug|x64.ActiveCfg = Debug|Any CPU
		{C1C1C9F4-74C9-4551-B808-C0DF64A5DFE1}.Biostack-Debug|x64.Build.0 = Debug|Any CPU
		{C1C1C9F4-74C9-4551-B808-C0DF64A5DFE1}.Biostack-Debug|x86.ActiveCfg = Debug|Any CPU
		{C1C1C9F4-74C9-4551-B808-C0DF64A5DFE1}.Biostack-Debug|x86.Build.0 = Debug|Any CPU
		{C1C1C9F4-74C9-4551-B808-C0DF64A5DFE1}.Debug|Any CPU.ActiveCfg = Debug|Any CPU
		{C1C1C9F4-74C9-4551-B808-C0DF64A5DFE1}.Debug|Any CPU.Build.0 = Debug|Any CPU
		{C1C1C9F4-74C9-4551-B808-C0DF64A5DFE1}.Debug|x64.ActiveCfg = Debug|Any CPU
		{C1C1C9F4-74C9-4551-B808-C0DF64A5DFE1}.Debug|x64.Build.0 = Debug|Any CPU
		{C1C1C9F4-74C9-4551-B808-C0DF64A5DFE1}.Debug|x86.ActiveCfg = Debug|Any CPU
		{C1C1C9F4-74C9-4551-B808-C0DF64A5DFE1}.Debug|x86.Build.0 = Debug|Any CPU
		{C1C1C9F4-74C9-4551-B808-C0DF64A5DFE1}.DEMO|Any CPU.ActiveCfg = Debug|Any CPU
		{C1C1C9F4-74C9-4551-B808-C0DF64A5DFE1}.DEMO|Any CPU.Build.0 = Debug|Any CPU
		{C1C1C9F4-74C9-4551-B808-C0DF64A5DFE1}.DEMO|x64.ActiveCfg = Debug|Any CPU
		{C1C1C9F4-74C9-4551-B808-C0DF64A5DFE1}.DEMO|x64.Build.0 = Debug|Any CPU
		{C1C1C9F4-74C9-4551-B808-C0DF64A5DFE1}.DEMO|x86.ActiveCfg = Debug|Any CPU
		{C1C1C9F4-74C9-4551-B808-C0DF64A5DFE1}.DEMO|x86.Build.0 = Debug|Any CPU
		{C1C1C9F4-74C9-4551-B808-C0DF64A5DFE1}.docs|Any CPU.ActiveCfg = Debug|Any CPU
		{C1C1C9F4-74C9-4551-B808-C0DF64A5DFE1}.docs|Any CPU.Build.0 = Debug|Any CPU
		{C1C1C9F4-74C9-4551-B808-C0DF64A5DFE1}.docs|x64.ActiveCfg = Debug|Any CPU
		{C1C1C9F4-74C9-4551-B808-C0DF64A5DFE1}.docs|x64.Build.0 = Debug|Any CPU
		{C1C1C9F4-74C9-4551-B808-C0DF64A5DFE1}.docs|x86.ActiveCfg = Debug|Any CPU
		{C1C1C9F4-74C9-4551-B808-C0DF64A5DFE1}.docs|x86.Build.0 = Debug|Any CPU
		{C1C1C9F4-74C9-4551-B808-C0DF64A5DFE1}.GCModeller(Release_X64)|Any CPU.ActiveCfg = Release|Any CPU
		{C1C1C9F4-74C9-4551-B808-C0DF64A5DFE1}.GCModeller(Release_X64)|Any CPU.Build.0 = Release|Any CPU
		{C1C1C9F4-74C9-4551-B808-C0DF64A5DFE1}.GCModeller(Release_X64)|x64.ActiveCfg = Release|Any CPU
		{C1C1C9F4-74C9-4551-B808-C0DF64A5DFE1}.GCModeller(Release_X64)|x64.Build.0 = Release|Any CPU
		{C1C1C9F4-74C9-4551-B808-C0DF64A5DFE1}.GCModeller(Release_X64)|x86.ActiveCfg = Release|Any CPU
		{C1C1C9F4-74C9-4551-B808-C0DF64A5DFE1}.GCModeller(Release_X64)|x86.Build.0 = Release|Any CPU
		{C1C1C9F4-74C9-4551-B808-C0DF64A5DFE1}.GCModeller(UNIX-Release_X64)|Any CPU.ActiveCfg = Release|Any CPU
		{C1C1C9F4-74C9-4551-B808-C0DF64A5DFE1}.GCModeller(UNIX-Release_X64)|Any CPU.Build.0 = Release|Any CPU
		{C1C1C9F4-74C9-4551-B808-C0DF64A5DFE1}.GCModeller(UNIX-Release_X64)|x64.ActiveCfg = Release|Any CPU
		{C1C1C9F4-74C9-4551-B808-C0DF64A5DFE1}.GCModeller(UNIX-Release_X64)|x64.Build.0 = Release|Any CPU
		{C1C1C9F4-74C9-4551-B808-C0DF64A5DFE1}.GCModeller(UNIX-Release_X64)|x86.ActiveCfg = Release|Any CPU
		{C1C1C9F4-74C9-4551-B808-C0DF64A5DFE1}.GCModeller(UNIX-Release_X64)|x86.Build.0 = Release|Any CPU
		{C1C1C9F4-74C9-4551-B808-C0DF64A5DFE1}.installer_x64|Any CPU.ActiveCfg = Release|Any CPU
		{C1C1C9F4-74C9-4551-B808-C0DF64A5DFE1}.installer_x64|Any CPU.Build.0 = Release|Any CPU
		{C1C1C9F4-74C9-4551-B808-C0DF64A5DFE1}.installer_x64|x64.ActiveCfg = Release|Any CPU
		{C1C1C9F4-74C9-4551-B808-C0DF64A5DFE1}.installer_x64|x64.Build.0 = Release|Any CPU
		{C1C1C9F4-74C9-4551-B808-C0DF64A5DFE1}.installer_x64|x86.ActiveCfg = Release|Any CPU
		{C1C1C9F4-74C9-4551-B808-C0DF64A5DFE1}.installer_x64|x86.Build.0 = Release|Any CPU
		{C1C1C9F4-74C9-4551-B808-C0DF64A5DFE1}.mysqli_X64_release|Any CPU.ActiveCfg = Release|Any CPU
		{C1C1C9F4-74C9-4551-B808-C0DF64A5DFE1}.mysqli_X64_release|Any CPU.Build.0 = Release|Any CPU
		{C1C1C9F4-74C9-4551-B808-C0DF64A5DFE1}.mysqli_X64_release|x64.ActiveCfg = Release|Any CPU
		{C1C1C9F4-74C9-4551-B808-C0DF64A5DFE1}.mysqli_X64_release|x64.Build.0 = Release|Any CPU
		{C1C1C9F4-74C9-4551-B808-C0DF64A5DFE1}.mysqli_X64_release|x86.ActiveCfg = Release|Any CPU
		{C1C1C9F4-74C9-4551-B808-C0DF64A5DFE1}.mysqli_X64_release|x86.Build.0 = Release|Any CPU
		{C1C1C9F4-74C9-4551-B808-C0DF64A5DFE1}.ProteoWizard.d|Any CPU.ActiveCfg = Release|Any CPU
		{C1C1C9F4-74C9-4551-B808-C0DF64A5DFE1}.ProteoWizard.d|Any CPU.Build.0 = Release|Any CPU
		{C1C1C9F4-74C9-4551-B808-C0DF64A5DFE1}.ProteoWizard.d|x64.ActiveCfg = Release|Any CPU
		{C1C1C9F4-74C9-4551-B808-C0DF64A5DFE1}.ProteoWizard.d|x64.Build.0 = Release|Any CPU
		{C1C1C9F4-74C9-4551-B808-C0DF64A5DFE1}.ProteoWizard.d|x86.ActiveCfg = Release|Any CPU
		{C1C1C9F4-74C9-4551-B808-C0DF64A5DFE1}.ProteoWizard.d|x86.Build.0 = Release|Any CPU
		{C1C1C9F4-74C9-4551-B808-C0DF64A5DFE1}.Publish|Any CPU.ActiveCfg = Release|Any CPU
		{C1C1C9F4-74C9-4551-B808-C0DF64A5DFE1}.Publish|Any CPU.Build.0 = Release|Any CPU
		{C1C1C9F4-74C9-4551-B808-C0DF64A5DFE1}.Publish|x64.ActiveCfg = Release|Any CPU
		{C1C1C9F4-74C9-4551-B808-C0DF64A5DFE1}.Publish|x64.Build.0 = Release|Any CPU
		{C1C1C9F4-74C9-4551-B808-C0DF64A5DFE1}.Publish|x86.ActiveCfg = Release|Any CPU
		{C1C1C9F4-74C9-4551-B808-C0DF64A5DFE1}.Publish|x86.Build.0 = Release|Any CPU
		{C1C1C9F4-74C9-4551-B808-C0DF64A5DFE1}.Release|Any CPU.ActiveCfg = Release|Any CPU
		{C1C1C9F4-74C9-4551-B808-C0DF64A5DFE1}.Release|Any CPU.Build.0 = Release|Any CPU
		{C1C1C9F4-74C9-4551-B808-C0DF64A5DFE1}.Release|x64.ActiveCfg = Release|Any CPU
		{C1C1C9F4-74C9-4551-B808-C0DF64A5DFE1}.Release|x64.Build.0 = Release|Any CPU
		{C1C1C9F4-74C9-4551-B808-C0DF64A5DFE1}.Release|x86.ActiveCfg = Release|Any CPU
		{C1C1C9F4-74C9-4551-B808-C0DF64A5DFE1}.Release|x86.Build.0 = Release|Any CPU
		{C1C1C9F4-74C9-4551-B808-C0DF64A5DFE1}.sciBASIC.NET-test-release|Any CPU.ActiveCfg = Release|Any CPU
		{C1C1C9F4-74C9-4551-B808-C0DF64A5DFE1}.sciBASIC.NET-test-release|Any CPU.Build.0 = Release|Any CPU
		{C1C1C9F4-74C9-4551-B808-C0DF64A5DFE1}.sciBASIC.NET-test-release|x64.ActiveCfg = Release|Any CPU
		{C1C1C9F4-74C9-4551-B808-C0DF64A5DFE1}.sciBASIC.NET-test-release|x64.Build.0 = Release|Any CPU
		{C1C1C9F4-74C9-4551-B808-C0DF64A5DFE1}.sciBASIC.NET-test-release|x86.ActiveCfg = Release|Any CPU
		{C1C1C9F4-74C9-4551-B808-C0DF64A5DFE1}.sciBASIC.NET-test-release|x86.Build.0 = Release|Any CPU
		{C1C1C9F4-74C9-4551-B808-C0DF64A5DFE1}.Surveillance-of-infectious-diseases|Any CPU.ActiveCfg = Release|Any CPU
		{C1C1C9F4-74C9-4551-B808-C0DF64A5DFE1}.Surveillance-of-infectious-diseases|Any CPU.Build.0 = Release|Any CPU
		{C1C1C9F4-74C9-4551-B808-C0DF64A5DFE1}.Surveillance-of-infectious-diseases|x64.ActiveCfg = Release|Any CPU
		{C1C1C9F4-74C9-4551-B808-C0DF64A5DFE1}.Surveillance-of-infectious-diseases|x64.Build.0 = Release|Any CPU
		{C1C1C9F4-74C9-4551-B808-C0DF64A5DFE1}.Surveillance-of-infectious-diseases|x86.ActiveCfg = Release|Any CPU
		{C1C1C9F4-74C9-4551-B808-C0DF64A5DFE1}.Surveillance-of-infectious-diseases|x86.Build.0 = Release|Any CPU
		{C1C1C9F4-74C9-4551-B808-C0DF64A5DFE1}.Yilia-Release_x64|Any CPU.ActiveCfg = Release|Any CPU
		{C1C1C9F4-74C9-4551-B808-C0DF64A5DFE1}.Yilia-Release_x64|Any CPU.Build.0 = Release|Any CPU
		{C1C1C9F4-74C9-4551-B808-C0DF64A5DFE1}.Yilia-Release_x64|x64.ActiveCfg = Release|Any CPU
		{C1C1C9F4-74C9-4551-B808-C0DF64A5DFE1}.Yilia-Release_x64|x64.Build.0 = Release|Any CPU
		{C1C1C9F4-74C9-4551-B808-C0DF64A5DFE1}.Yilia-Release_x64|x86.ActiveCfg = Release|Any CPU
		{C1C1C9F4-74C9-4551-B808-C0DF64A5DFE1}.Yilia-Release_x64|x86.Build.0 = Release|Any CPU
		{E9A4D9BE-E09D-4C77-8C0C-4995839D5D1B}.Biodeep_UNIX_x64|Any CPU.ActiveCfg = Release|Any CPU
		{E9A4D9BE-E09D-4C77-8C0C-4995839D5D1B}.Biodeep_UNIX_x64|Any CPU.Build.0 = Release|Any CPU
		{E9A4D9BE-E09D-4C77-8C0C-4995839D5D1B}.Biodeep_UNIX_x64|x64.ActiveCfg = Release|Any CPU
		{E9A4D9BE-E09D-4C77-8C0C-4995839D5D1B}.Biodeep_UNIX_x64|x64.Build.0 = Release|Any CPU
		{E9A4D9BE-E09D-4C77-8C0C-4995839D5D1B}.Biodeep_UNIX_x64|x86.ActiveCfg = Release|Any CPU
		{E9A4D9BE-E09D-4C77-8C0C-4995839D5D1B}.Biodeep_UNIX_x64|x86.Build.0 = Release|Any CPU
		{E9A4D9BE-E09D-4C77-8C0C-4995839D5D1B}.Biodeep|Any CPU.ActiveCfg = Release|Any CPU
		{E9A4D9BE-E09D-4C77-8C0C-4995839D5D1B}.Biodeep|Any CPU.Build.0 = Release|Any CPU
		{E9A4D9BE-E09D-4C77-8C0C-4995839D5D1B}.Biodeep|x64.ActiveCfg = Release|Any CPU
		{E9A4D9BE-E09D-4C77-8C0C-4995839D5D1B}.Biodeep|x64.Build.0 = Release|Any CPU
		{E9A4D9BE-E09D-4C77-8C0C-4995839D5D1B}.Biodeep|x86.ActiveCfg = Release|Any CPU
		{E9A4D9BE-E09D-4C77-8C0C-4995839D5D1B}.Biodeep|x86.Build.0 = Release|Any CPU
		{E9A4D9BE-E09D-4C77-8C0C-4995839D5D1B}.Biostack|Any CPU.ActiveCfg = Release|Any CPU
		{E9A4D9BE-E09D-4C77-8C0C-4995839D5D1B}.Biostack|Any CPU.Build.0 = Release|Any CPU
		{E9A4D9BE-E09D-4C77-8C0C-4995839D5D1B}.Biostack|x64.ActiveCfg = Release|Any CPU
		{E9A4D9BE-E09D-4C77-8C0C-4995839D5D1B}.Biostack|x64.Build.0 = Release|Any CPU
		{E9A4D9BE-E09D-4C77-8C0C-4995839D5D1B}.Biostack|x86.ActiveCfg = Release|Any CPU
		{E9A4D9BE-E09D-4C77-8C0C-4995839D5D1B}.Biostack|x86.Build.0 = Release|Any CPU
		{E9A4D9BE-E09D-4C77-8C0C-4995839D5D1B}.Biostack-Debug|Any CPU.ActiveCfg = Debug|Any CPU
		{E9A4D9BE-E09D-4C77-8C0C-4995839D5D1B}.Biostack-Debug|Any CPU.Build.0 = Debug|Any CPU
		{E9A4D9BE-E09D-4C77-8C0C-4995839D5D1B}.Biostack-Debug|x64.ActiveCfg = Debug|Any CPU
		{E9A4D9BE-E09D-4C77-8C0C-4995839D5D1B}.Biostack-Debug|x64.Build.0 = Debug|Any CPU
		{E9A4D9BE-E09D-4C77-8C0C-4995839D5D1B}.Biostack-Debug|x86.ActiveCfg = Debug|Any CPU
		{E9A4D9BE-E09D-4C77-8C0C-4995839D5D1B}.Biostack-Debug|x86.Build.0 = Debug|Any CPU
		{E9A4D9BE-E09D-4C77-8C0C-4995839D5D1B}.Debug|Any CPU.ActiveCfg = Debug|Any CPU
		{E9A4D9BE-E09D-4C77-8C0C-4995839D5D1B}.Debug|Any CPU.Build.0 = Debug|Any CPU
		{E9A4D9BE-E09D-4C77-8C0C-4995839D5D1B}.Debug|x64.ActiveCfg = Debug|Any CPU
		{E9A4D9BE-E09D-4C77-8C0C-4995839D5D1B}.Debug|x64.Build.0 = Debug|Any CPU
		{E9A4D9BE-E09D-4C77-8C0C-4995839D5D1B}.Debug|x86.ActiveCfg = Debug|Any CPU
		{E9A4D9BE-E09D-4C77-8C0C-4995839D5D1B}.Debug|x86.Build.0 = Debug|Any CPU
		{E9A4D9BE-E09D-4C77-8C0C-4995839D5D1B}.DEMO|Any CPU.ActiveCfg = Debug|Any CPU
		{E9A4D9BE-E09D-4C77-8C0C-4995839D5D1B}.DEMO|Any CPU.Build.0 = Debug|Any CPU
		{E9A4D9BE-E09D-4C77-8C0C-4995839D5D1B}.DEMO|x64.ActiveCfg = Debug|Any CPU
		{E9A4D9BE-E09D-4C77-8C0C-4995839D5D1B}.DEMO|x64.Build.0 = Debug|Any CPU
		{E9A4D9BE-E09D-4C77-8C0C-4995839D5D1B}.DEMO|x86.ActiveCfg = Debug|Any CPU
		{E9A4D9BE-E09D-4C77-8C0C-4995839D5D1B}.DEMO|x86.Build.0 = Debug|Any CPU
		{E9A4D9BE-E09D-4C77-8C0C-4995839D5D1B}.docs|Any CPU.ActiveCfg = Debug|Any CPU
		{E9A4D9BE-E09D-4C77-8C0C-4995839D5D1B}.docs|Any CPU.Build.0 = Debug|Any CPU
		{E9A4D9BE-E09D-4C77-8C0C-4995839D5D1B}.docs|x64.ActiveCfg = Debug|Any CPU
		{E9A4D9BE-E09D-4C77-8C0C-4995839D5D1B}.docs|x64.Build.0 = Debug|Any CPU
		{E9A4D9BE-E09D-4C77-8C0C-4995839D5D1B}.docs|x86.ActiveCfg = Debug|Any CPU
		{E9A4D9BE-E09D-4C77-8C0C-4995839D5D1B}.docs|x86.Build.0 = Debug|Any CPU
		{E9A4D9BE-E09D-4C77-8C0C-4995839D5D1B}.GCModeller(Release_X64)|Any CPU.ActiveCfg = Release|Any CPU
		{E9A4D9BE-E09D-4C77-8C0C-4995839D5D1B}.GCModeller(Release_X64)|Any CPU.Build.0 = Release|Any CPU
		{E9A4D9BE-E09D-4C77-8C0C-4995839D5D1B}.GCModeller(Release_X64)|x64.ActiveCfg = Release|Any CPU
		{E9A4D9BE-E09D-4C77-8C0C-4995839D5D1B}.GCModeller(Release_X64)|x64.Build.0 = Release|Any CPU
		{E9A4D9BE-E09D-4C77-8C0C-4995839D5D1B}.GCModeller(Release_X64)|x86.ActiveCfg = Release|Any CPU
		{E9A4D9BE-E09D-4C77-8C0C-4995839D5D1B}.GCModeller(Release_X64)|x86.Build.0 = Release|Any CPU
		{E9A4D9BE-E09D-4C77-8C0C-4995839D5D1B}.GCModeller(UNIX-Release_X64)|Any CPU.ActiveCfg = Release|Any CPU
		{E9A4D9BE-E09D-4C77-8C0C-4995839D5D1B}.GCModeller(UNIX-Release_X64)|Any CPU.Build.0 = Release|Any CPU
		{E9A4D9BE-E09D-4C77-8C0C-4995839D5D1B}.GCModeller(UNIX-Release_X64)|x64.ActiveCfg = Release|Any CPU
		{E9A4D9BE-E09D-4C77-8C0C-4995839D5D1B}.GCModeller(UNIX-Release_X64)|x64.Build.0 = Release|Any CPU
		{E9A4D9BE-E09D-4C77-8C0C-4995839D5D1B}.GCModeller(UNIX-Release_X64)|x86.ActiveCfg = Release|Any CPU
		{E9A4D9BE-E09D-4C77-8C0C-4995839D5D1B}.GCModeller(UNIX-Release_X64)|x86.Build.0 = Release|Any CPU
		{E9A4D9BE-E09D-4C77-8C0C-4995839D5D1B}.installer_x64|Any CPU.ActiveCfg = Release|Any CPU
		{E9A4D9BE-E09D-4C77-8C0C-4995839D5D1B}.installer_x64|Any CPU.Build.0 = Release|Any CPU
		{E9A4D9BE-E09D-4C77-8C0C-4995839D5D1B}.installer_x64|x64.ActiveCfg = Release|Any CPU
		{E9A4D9BE-E09D-4C77-8C0C-4995839D5D1B}.installer_x64|x64.Build.0 = Release|Any CPU
		{E9A4D9BE-E09D-4C77-8C0C-4995839D5D1B}.installer_x64|x86.ActiveCfg = Release|Any CPU
		{E9A4D9BE-E09D-4C77-8C0C-4995839D5D1B}.installer_x64|x86.Build.0 = Release|Any CPU
		{E9A4D9BE-E09D-4C77-8C0C-4995839D5D1B}.mysqli_X64_release|Any CPU.ActiveCfg = Release|Any CPU
		{E9A4D9BE-E09D-4C77-8C0C-4995839D5D1B}.mysqli_X64_release|Any CPU.Build.0 = Release|Any CPU
		{E9A4D9BE-E09D-4C77-8C0C-4995839D5D1B}.mysqli_X64_release|x64.ActiveCfg = Release|Any CPU
		{E9A4D9BE-E09D-4C77-8C0C-4995839D5D1B}.mysqli_X64_release|x64.Build.0 = Release|Any CPU
		{E9A4D9BE-E09D-4C77-8C0C-4995839D5D1B}.mysqli_X64_release|x86.ActiveCfg = Release|Any CPU
		{E9A4D9BE-E09D-4C77-8C0C-4995839D5D1B}.mysqli_X64_release|x86.Build.0 = Release|Any CPU
		{E9A4D9BE-E09D-4C77-8C0C-4995839D5D1B}.ProteoWizard.d|Any CPU.ActiveCfg = Release|Any CPU
		{E9A4D9BE-E09D-4C77-8C0C-4995839D5D1B}.ProteoWizard.d|Any CPU.Build.0 = Release|Any CPU
		{E9A4D9BE-E09D-4C77-8C0C-4995839D5D1B}.ProteoWizard.d|x64.ActiveCfg = Release|Any CPU
		{E9A4D9BE-E09D-4C77-8C0C-4995839D5D1B}.ProteoWizard.d|x64.Build.0 = Release|Any CPU
		{E9A4D9BE-E09D-4C77-8C0C-4995839D5D1B}.ProteoWizard.d|x86.ActiveCfg = Release|Any CPU
		{E9A4D9BE-E09D-4C77-8C0C-4995839D5D1B}.ProteoWizard.d|x86.Build.0 = Release|Any CPU
		{E9A4D9BE-E09D-4C77-8C0C-4995839D5D1B}.Publish|Any CPU.ActiveCfg = Release|Any CPU
		{E9A4D9BE-E09D-4C77-8C0C-4995839D5D1B}.Publish|Any CPU.Build.0 = Release|Any CPU
		{E9A4D9BE-E09D-4C77-8C0C-4995839D5D1B}.Publish|x64.ActiveCfg = Release|Any CPU
		{E9A4D9BE-E09D-4C77-8C0C-4995839D5D1B}.Publish|x64.Build.0 = Release|Any CPU
		{E9A4D9BE-E09D-4C77-8C0C-4995839D5D1B}.Publish|x86.ActiveCfg = Release|Any CPU
		{E9A4D9BE-E09D-4C77-8C0C-4995839D5D1B}.Publish|x86.Build.0 = Release|Any CPU
		{E9A4D9BE-E09D-4C77-8C0C-4995839D5D1B}.Release|Any CPU.ActiveCfg = Release|Any CPU
		{E9A4D9BE-E09D-4C77-8C0C-4995839D5D1B}.Release|Any CPU.Build.0 = Release|Any CPU
		{E9A4D9BE-E09D-4C77-8C0C-4995839D5D1B}.Release|x64.ActiveCfg = Release|Any CPU
		{E9A4D9BE-E09D-4C77-8C0C-4995839D5D1B}.Release|x64.Build.0 = Release|Any CPU
		{E9A4D9BE-E09D-4C77-8C0C-4995839D5D1B}.Release|x86.ActiveCfg = Release|Any CPU
		{E9A4D9BE-E09D-4C77-8C0C-4995839D5D1B}.Release|x86.Build.0 = Release|Any CPU
		{E9A4D9BE-E09D-4C77-8C0C-4995839D5D1B}.sciBASIC.NET-test-release|Any CPU.ActiveCfg = Release|Any CPU
		{E9A4D9BE-E09D-4C77-8C0C-4995839D5D1B}.sciBASIC.NET-test-release|Any CPU.Build.0 = Release|Any CPU
		{E9A4D9BE-E09D-4C77-8C0C-4995839D5D1B}.sciBASIC.NET-test-release|x64.ActiveCfg = Release|Any CPU
		{E9A4D9BE-E09D-4C77-8C0C-4995839D5D1B}.sciBASIC.NET-test-release|x64.Build.0 = Release|Any CPU
		{E9A4D9BE-E09D-4C77-8C0C-4995839D5D1B}.sciBASIC.NET-test-release|x86.ActiveCfg = Release|Any CPU
		{E9A4D9BE-E09D-4C77-8C0C-4995839D5D1B}.sciBASIC.NET-test-release|x86.Build.0 = Release|Any CPU
		{E9A4D9BE-E09D-4C77-8C0C-4995839D5D1B}.Surveillance-of-infectious-diseases|Any CPU.ActiveCfg = Release|Any CPU
		{E9A4D9BE-E09D-4C77-8C0C-4995839D5D1B}.Surveillance-of-infectious-diseases|Any CPU.Build.0 = Release|Any CPU
		{E9A4D9BE-E09D-4C77-8C0C-4995839D5D1B}.Surveillance-of-infectious-diseases|x64.ActiveCfg = Release|Any CPU
		{E9A4D9BE-E09D-4C77-8C0C-4995839D5D1B}.Surveillance-of-infectious-diseases|x64.Build.0 = Release|Any CPU
		{E9A4D9BE-E09D-4C77-8C0C-4995839D5D1B}.Surveillance-of-infectious-diseases|x86.ActiveCfg = Release|Any CPU
		{E9A4D9BE-E09D-4C77-8C0C-4995839D5D1B}.Surveillance-of-infectious-diseases|x86.Build.0 = Release|Any CPU
		{E9A4D9BE-E09D-4C77-8C0C-4995839D5D1B}.Yilia-Release_x64|Any CPU.ActiveCfg = Release|Any CPU
		{E9A4D9BE-E09D-4C77-8C0C-4995839D5D1B}.Yilia-Release_x64|Any CPU.Build.0 = Release|Any CPU
		{E9A4D9BE-E09D-4C77-8C0C-4995839D5D1B}.Yilia-Release_x64|x64.ActiveCfg = Release|Any CPU
		{E9A4D9BE-E09D-4C77-8C0C-4995839D5D1B}.Yilia-Release_x64|x64.Build.0 = Release|Any CPU
		{E9A4D9BE-E09D-4C77-8C0C-4995839D5D1B}.Yilia-Release_x64|x86.ActiveCfg = Release|Any CPU
		{E9A4D9BE-E09D-4C77-8C0C-4995839D5D1B}.Yilia-Release_x64|x86.Build.0 = Release|Any CPU
		{A51B6D39-8A1C-4A46-A7A2-AC408728F8E5}.Biodeep_UNIX_x64|Any CPU.ActiveCfg = Release|Any CPU
		{A51B6D39-8A1C-4A46-A7A2-AC408728F8E5}.Biodeep_UNIX_x64|Any CPU.Build.0 = Release|Any CPU
		{A51B6D39-8A1C-4A46-A7A2-AC408728F8E5}.Biodeep_UNIX_x64|x64.ActiveCfg = Release|Any CPU
		{A51B6D39-8A1C-4A46-A7A2-AC408728F8E5}.Biodeep_UNIX_x64|x64.Build.0 = Release|Any CPU
		{A51B6D39-8A1C-4A46-A7A2-AC408728F8E5}.Biodeep_UNIX_x64|x86.ActiveCfg = Release|Any CPU
		{A51B6D39-8A1C-4A46-A7A2-AC408728F8E5}.Biodeep_UNIX_x64|x86.Build.0 = Release|Any CPU
		{A51B6D39-8A1C-4A46-A7A2-AC408728F8E5}.Biodeep|Any CPU.ActiveCfg = Release|Any CPU
		{A51B6D39-8A1C-4A46-A7A2-AC408728F8E5}.Biodeep|Any CPU.Build.0 = Release|Any CPU
		{A51B6D39-8A1C-4A46-A7A2-AC408728F8E5}.Biodeep|x64.ActiveCfg = Release|Any CPU
		{A51B6D39-8A1C-4A46-A7A2-AC408728F8E5}.Biodeep|x64.Build.0 = Release|Any CPU
		{A51B6D39-8A1C-4A46-A7A2-AC408728F8E5}.Biodeep|x86.ActiveCfg = Release|Any CPU
		{A51B6D39-8A1C-4A46-A7A2-AC408728F8E5}.Biodeep|x86.Build.0 = Release|Any CPU
		{A51B6D39-8A1C-4A46-A7A2-AC408728F8E5}.Biostack|Any CPU.ActiveCfg = Release|Any CPU
		{A51B6D39-8A1C-4A46-A7A2-AC408728F8E5}.Biostack|Any CPU.Build.0 = Release|Any CPU
		{A51B6D39-8A1C-4A46-A7A2-AC408728F8E5}.Biostack|x64.ActiveCfg = Release|Any CPU
		{A51B6D39-8A1C-4A46-A7A2-AC408728F8E5}.Biostack|x64.Build.0 = Release|Any CPU
		{A51B6D39-8A1C-4A46-A7A2-AC408728F8E5}.Biostack|x86.ActiveCfg = Release|Any CPU
		{A51B6D39-8A1C-4A46-A7A2-AC408728F8E5}.Biostack|x86.Build.0 = Release|Any CPU
		{A51B6D39-8A1C-4A46-A7A2-AC408728F8E5}.Biostack-Debug|Any CPU.ActiveCfg = Debug|Any CPU
		{A51B6D39-8A1C-4A46-A7A2-AC408728F8E5}.Biostack-Debug|Any CPU.Build.0 = Debug|Any CPU
		{A51B6D39-8A1C-4A46-A7A2-AC408728F8E5}.Biostack-Debug|x64.ActiveCfg = Debug|Any CPU
		{A51B6D39-8A1C-4A46-A7A2-AC408728F8E5}.Biostack-Debug|x64.Build.0 = Debug|Any CPU
		{A51B6D39-8A1C-4A46-A7A2-AC408728F8E5}.Biostack-Debug|x86.ActiveCfg = Debug|Any CPU
		{A51B6D39-8A1C-4A46-A7A2-AC408728F8E5}.Biostack-Debug|x86.Build.0 = Debug|Any CPU
		{A51B6D39-8A1C-4A46-A7A2-AC408728F8E5}.Debug|Any CPU.ActiveCfg = Debug|Any CPU
		{A51B6D39-8A1C-4A46-A7A2-AC408728F8E5}.Debug|Any CPU.Build.0 = Debug|Any CPU
		{A51B6D39-8A1C-4A46-A7A2-AC408728F8E5}.Debug|x64.ActiveCfg = Debug|Any CPU
		{A51B6D39-8A1C-4A46-A7A2-AC408728F8E5}.Debug|x64.Build.0 = Debug|Any CPU
		{A51B6D39-8A1C-4A46-A7A2-AC408728F8E5}.Debug|x86.ActiveCfg = Debug|Any CPU
		{A51B6D39-8A1C-4A46-A7A2-AC408728F8E5}.Debug|x86.Build.0 = Debug|Any CPU
		{A51B6D39-8A1C-4A46-A7A2-AC408728F8E5}.DEMO|Any CPU.ActiveCfg = Debug|Any CPU
		{A51B6D39-8A1C-4A46-A7A2-AC408728F8E5}.DEMO|Any CPU.Build.0 = Debug|Any CPU
		{A51B6D39-8A1C-4A46-A7A2-AC408728F8E5}.DEMO|x64.ActiveCfg = Debug|Any CPU
		{A51B6D39-8A1C-4A46-A7A2-AC408728F8E5}.DEMO|x64.Build.0 = Debug|Any CPU
		{A51B6D39-8A1C-4A46-A7A2-AC408728F8E5}.DEMO|x86.ActiveCfg = Debug|Any CPU
		{A51B6D39-8A1C-4A46-A7A2-AC408728F8E5}.DEMO|x86.Build.0 = Debug|Any CPU
		{A51B6D39-8A1C-4A46-A7A2-AC408728F8E5}.docs|Any CPU.ActiveCfg = Debug|Any CPU
		{A51B6D39-8A1C-4A46-A7A2-AC408728F8E5}.docs|Any CPU.Build.0 = Debug|Any CPU
		{A51B6D39-8A1C-4A46-A7A2-AC408728F8E5}.docs|x64.ActiveCfg = Debug|Any CPU
		{A51B6D39-8A1C-4A46-A7A2-AC408728F8E5}.docs|x64.Build.0 = Debug|Any CPU
		{A51B6D39-8A1C-4A46-A7A2-AC408728F8E5}.docs|x86.ActiveCfg = Debug|Any CPU
		{A51B6D39-8A1C-4A46-A7A2-AC408728F8E5}.docs|x86.Build.0 = Debug|Any CPU
		{A51B6D39-8A1C-4A46-A7A2-AC408728F8E5}.GCModeller(Release_X64)|Any CPU.ActiveCfg = Release|Any CPU
		{A51B6D39-8A1C-4A46-A7A2-AC408728F8E5}.GCModeller(Release_X64)|Any CPU.Build.0 = Release|Any CPU
		{A51B6D39-8A1C-4A46-A7A2-AC408728F8E5}.GCModeller(Release_X64)|x64.ActiveCfg = Release|Any CPU
		{A51B6D39-8A1C-4A46-A7A2-AC408728F8E5}.GCModeller(Release_X64)|x64.Build.0 = Release|Any CPU
		{A51B6D39-8A1C-4A46-A7A2-AC408728F8E5}.GCModeller(Release_X64)|x86.ActiveCfg = Release|Any CPU
		{A51B6D39-8A1C-4A46-A7A2-AC408728F8E5}.GCModeller(Release_X64)|x86.Build.0 = Release|Any CPU
		{A51B6D39-8A1C-4A46-A7A2-AC408728F8E5}.GCModeller(UNIX-Release_X64)|Any CPU.ActiveCfg = Release|Any CPU
		{A51B6D39-8A1C-4A46-A7A2-AC408728F8E5}.GCModeller(UNIX-Release_X64)|Any CPU.Build.0 = Release|Any CPU
		{A51B6D39-8A1C-4A46-A7A2-AC408728F8E5}.GCModeller(UNIX-Release_X64)|x64.ActiveCfg = Release|Any CPU
		{A51B6D39-8A1C-4A46-A7A2-AC408728F8E5}.GCModeller(UNIX-Release_X64)|x64.Build.0 = Release|Any CPU
		{A51B6D39-8A1C-4A46-A7A2-AC408728F8E5}.GCModeller(UNIX-Release_X64)|x86.ActiveCfg = Release|Any CPU
		{A51B6D39-8A1C-4A46-A7A2-AC408728F8E5}.GCModeller(UNIX-Release_X64)|x86.Build.0 = Release|Any CPU
		{A51B6D39-8A1C-4A46-A7A2-AC408728F8E5}.installer_x64|Any CPU.ActiveCfg = Release|Any CPU
		{A51B6D39-8A1C-4A46-A7A2-AC408728F8E5}.installer_x64|Any CPU.Build.0 = Release|Any CPU
		{A51B6D39-8A1C-4A46-A7A2-AC408728F8E5}.installer_x64|x64.ActiveCfg = Release|Any CPU
		{A51B6D39-8A1C-4A46-A7A2-AC408728F8E5}.installer_x64|x64.Build.0 = Release|Any CPU
		{A51B6D39-8A1C-4A46-A7A2-AC408728F8E5}.installer_x64|x86.ActiveCfg = Release|Any CPU
		{A51B6D39-8A1C-4A46-A7A2-AC408728F8E5}.installer_x64|x86.Build.0 = Release|Any CPU
		{A51B6D39-8A1C-4A46-A7A2-AC408728F8E5}.mysqli_X64_release|Any CPU.ActiveCfg = Release|Any CPU
		{A51B6D39-8A1C-4A46-A7A2-AC408728F8E5}.mysqli_X64_release|Any CPU.Build.0 = Release|Any CPU
		{A51B6D39-8A1C-4A46-A7A2-AC408728F8E5}.mysqli_X64_release|x64.ActiveCfg = Release|Any CPU
		{A51B6D39-8A1C-4A46-A7A2-AC408728F8E5}.mysqli_X64_release|x64.Build.0 = Release|Any CPU
		{A51B6D39-8A1C-4A46-A7A2-AC408728F8E5}.mysqli_X64_release|x86.ActiveCfg = Release|Any CPU
		{A51B6D39-8A1C-4A46-A7A2-AC408728F8E5}.mysqli_X64_release|x86.Build.0 = Release|Any CPU
		{A51B6D39-8A1C-4A46-A7A2-AC408728F8E5}.ProteoWizard.d|Any CPU.ActiveCfg = Release|Any CPU
		{A51B6D39-8A1C-4A46-A7A2-AC408728F8E5}.ProteoWizard.d|Any CPU.Build.0 = Release|Any CPU
		{A51B6D39-8A1C-4A46-A7A2-AC408728F8E5}.ProteoWizard.d|x64.ActiveCfg = Release|Any CPU
		{A51B6D39-8A1C-4A46-A7A2-AC408728F8E5}.ProteoWizard.d|x64.Build.0 = Release|Any CPU
		{A51B6D39-8A1C-4A46-A7A2-AC408728F8E5}.ProteoWizard.d|x86.ActiveCfg = Release|Any CPU
		{A51B6D39-8A1C-4A46-A7A2-AC408728F8E5}.ProteoWizard.d|x86.Build.0 = Release|Any CPU
		{A51B6D39-8A1C-4A46-A7A2-AC408728F8E5}.Publish|Any CPU.ActiveCfg = Release|Any CPU
		{A51B6D39-8A1C-4A46-A7A2-AC408728F8E5}.Publish|Any CPU.Build.0 = Release|Any CPU
		{A51B6D39-8A1C-4A46-A7A2-AC408728F8E5}.Publish|x64.ActiveCfg = Release|Any CPU
		{A51B6D39-8A1C-4A46-A7A2-AC408728F8E5}.Publish|x64.Build.0 = Release|Any CPU
		{A51B6D39-8A1C-4A46-A7A2-AC408728F8E5}.Publish|x86.ActiveCfg = Release|Any CPU
		{A51B6D39-8A1C-4A46-A7A2-AC408728F8E5}.Publish|x86.Build.0 = Release|Any CPU
		{A51B6D39-8A1C-4A46-A7A2-AC408728F8E5}.Release|Any CPU.ActiveCfg = Release|Any CPU
		{A51B6D39-8A1C-4A46-A7A2-AC408728F8E5}.Release|Any CPU.Build.0 = Release|Any CPU
		{A51B6D39-8A1C-4A46-A7A2-AC408728F8E5}.Release|x64.ActiveCfg = Release|Any CPU
		{A51B6D39-8A1C-4A46-A7A2-AC408728F8E5}.Release|x64.Build.0 = Release|Any CPU
		{A51B6D39-8A1C-4A46-A7A2-AC408728F8E5}.Release|x86.ActiveCfg = Release|Any CPU
		{A51B6D39-8A1C-4A46-A7A2-AC408728F8E5}.Release|x86.Build.0 = Release|Any CPU
		{A51B6D39-8A1C-4A46-A7A2-AC408728F8E5}.sciBASIC.NET-test-release|Any CPU.ActiveCfg = Release|Any CPU
		{A51B6D39-8A1C-4A46-A7A2-AC408728F8E5}.sciBASIC.NET-test-release|Any CPU.Build.0 = Release|Any CPU
		{A51B6D39-8A1C-4A46-A7A2-AC408728F8E5}.sciBASIC.NET-test-release|x64.ActiveCfg = Release|Any CPU
		{A51B6D39-8A1C-4A46-A7A2-AC408728F8E5}.sciBASIC.NET-test-release|x64.Build.0 = Release|Any CPU
		{A51B6D39-8A1C-4A46-A7A2-AC408728F8E5}.sciBASIC.NET-test-release|x86.ActiveCfg = Release|Any CPU
		{A51B6D39-8A1C-4A46-A7A2-AC408728F8E5}.sciBASIC.NET-test-release|x86.Build.0 = Release|Any CPU
		{A51B6D39-8A1C-4A46-A7A2-AC408728F8E5}.Surveillance-of-infectious-diseases|Any CPU.ActiveCfg = Release|Any CPU
		{A51B6D39-8A1C-4A46-A7A2-AC408728F8E5}.Surveillance-of-infectious-diseases|Any CPU.Build.0 = Release|Any CPU
		{A51B6D39-8A1C-4A46-A7A2-AC408728F8E5}.Surveillance-of-infectious-diseases|x64.ActiveCfg = Release|Any CPU
		{A51B6D39-8A1C-4A46-A7A2-AC408728F8E5}.Surveillance-of-infectious-diseases|x64.Build.0 = Release|Any CPU
		{A51B6D39-8A1C-4A46-A7A2-AC408728F8E5}.Surveillance-of-infectious-diseases|x86.ActiveCfg = Release|Any CPU
		{A51B6D39-8A1C-4A46-A7A2-AC408728F8E5}.Surveillance-of-infectious-diseases|x86.Build.0 = Release|Any CPU
		{A51B6D39-8A1C-4A46-A7A2-AC408728F8E5}.Yilia-Release_x64|Any CPU.ActiveCfg = Release|Any CPU
		{A51B6D39-8A1C-4A46-A7A2-AC408728F8E5}.Yilia-Release_x64|Any CPU.Build.0 = Release|Any CPU
		{A51B6D39-8A1C-4A46-A7A2-AC408728F8E5}.Yilia-Release_x64|x64.ActiveCfg = Release|Any CPU
		{A51B6D39-8A1C-4A46-A7A2-AC408728F8E5}.Yilia-Release_x64|x64.Build.0 = Release|Any CPU
		{A51B6D39-8A1C-4A46-A7A2-AC408728F8E5}.Yilia-Release_x64|x86.ActiveCfg = Release|Any CPU
		{A51B6D39-8A1C-4A46-A7A2-AC408728F8E5}.Yilia-Release_x64|x86.Build.0 = Release|Any CPU
		{680523FC-2C81-48FE-A748-2389B42F1A07}.Biodeep_UNIX_x64|Any CPU.ActiveCfg = Release|Any CPU
		{680523FC-2C81-48FE-A748-2389B42F1A07}.Biodeep_UNIX_x64|Any CPU.Build.0 = Release|Any CPU
		{680523FC-2C81-48FE-A748-2389B42F1A07}.Biodeep_UNIX_x64|x64.ActiveCfg = Release|x64
		{680523FC-2C81-48FE-A748-2389B42F1A07}.Biodeep_UNIX_x64|x64.Build.0 = Release|x64
		{680523FC-2C81-48FE-A748-2389B42F1A07}.Biodeep_UNIX_x64|x86.ActiveCfg = Release|Any CPU
		{680523FC-2C81-48FE-A748-2389B42F1A07}.Biodeep_UNIX_x64|x86.Build.0 = Release|Any CPU
		{680523FC-2C81-48FE-A748-2389B42F1A07}.Biodeep|Any CPU.ActiveCfg = Release|Any CPU
		{680523FC-2C81-48FE-A748-2389B42F1A07}.Biodeep|Any CPU.Build.0 = Release|Any CPU
		{680523FC-2C81-48FE-A748-2389B42F1A07}.Biodeep|x64.ActiveCfg = Release|x64
		{680523FC-2C81-48FE-A748-2389B42F1A07}.Biodeep|x64.Build.0 = Release|x64
		{680523FC-2C81-48FE-A748-2389B42F1A07}.Biodeep|x86.ActiveCfg = Release|Any CPU
		{680523FC-2C81-48FE-A748-2389B42F1A07}.Biodeep|x86.Build.0 = Release|Any CPU
		{680523FC-2C81-48FE-A748-2389B42F1A07}.Biostack|Any CPU.ActiveCfg = Release|Any CPU
		{680523FC-2C81-48FE-A748-2389B42F1A07}.Biostack|Any CPU.Build.0 = Release|Any CPU
		{680523FC-2C81-48FE-A748-2389B42F1A07}.Biostack|x64.ActiveCfg = Release|x64
		{680523FC-2C81-48FE-A748-2389B42F1A07}.Biostack|x64.Build.0 = Release|x64
		{680523FC-2C81-48FE-A748-2389B42F1A07}.Biostack|x86.ActiveCfg = Release|Any CPU
		{680523FC-2C81-48FE-A748-2389B42F1A07}.Biostack|x86.Build.0 = Release|Any CPU
		{680523FC-2C81-48FE-A748-2389B42F1A07}.Biostack-Debug|Any CPU.ActiveCfg = Debug|Any CPU
		{680523FC-2C81-48FE-A748-2389B42F1A07}.Biostack-Debug|Any CPU.Build.0 = Debug|Any CPU
		{680523FC-2C81-48FE-A748-2389B42F1A07}.Biostack-Debug|x64.ActiveCfg = Debug|x64
		{680523FC-2C81-48FE-A748-2389B42F1A07}.Biostack-Debug|x64.Build.0 = Debug|x64
		{680523FC-2C81-48FE-A748-2389B42F1A07}.Biostack-Debug|x86.ActiveCfg = Debug|Any CPU
		{680523FC-2C81-48FE-A748-2389B42F1A07}.Biostack-Debug|x86.Build.0 = Debug|Any CPU
		{680523FC-2C81-48FE-A748-2389B42F1A07}.Debug|Any CPU.ActiveCfg = Debug|Any CPU
		{680523FC-2C81-48FE-A748-2389B42F1A07}.Debug|Any CPU.Build.0 = Debug|Any CPU
		{680523FC-2C81-48FE-A748-2389B42F1A07}.Debug|x64.ActiveCfg = Debug|x64
		{680523FC-2C81-48FE-A748-2389B42F1A07}.Debug|x64.Build.0 = Debug|x64
		{680523FC-2C81-48FE-A748-2389B42F1A07}.Debug|x86.ActiveCfg = Debug|Any CPU
		{680523FC-2C81-48FE-A748-2389B42F1A07}.Debug|x86.Build.0 = Debug|Any CPU
		{680523FC-2C81-48FE-A748-2389B42F1A07}.DEMO|Any CPU.ActiveCfg = Debug|Any CPU
		{680523FC-2C81-48FE-A748-2389B42F1A07}.DEMO|Any CPU.Build.0 = Debug|Any CPU
		{680523FC-2C81-48FE-A748-2389B42F1A07}.DEMO|x64.ActiveCfg = Debug|x64
		{680523FC-2C81-48FE-A748-2389B42F1A07}.DEMO|x64.Build.0 = Debug|x64
		{680523FC-2C81-48FE-A748-2389B42F1A07}.DEMO|x86.ActiveCfg = Debug|Any CPU
		{680523FC-2C81-48FE-A748-2389B42F1A07}.DEMO|x86.Build.0 = Debug|Any CPU
		{680523FC-2C81-48FE-A748-2389B42F1A07}.docs|Any CPU.ActiveCfg = Debug|Any CPU
		{680523FC-2C81-48FE-A748-2389B42F1A07}.docs|Any CPU.Build.0 = Debug|Any CPU
		{680523FC-2C81-48FE-A748-2389B42F1A07}.docs|x64.ActiveCfg = Debug|x64
		{680523FC-2C81-48FE-A748-2389B42F1A07}.docs|x64.Build.0 = Debug|x64
		{680523FC-2C81-48FE-A748-2389B42F1A07}.docs|x86.ActiveCfg = Debug|Any CPU
		{680523FC-2C81-48FE-A748-2389B42F1A07}.docs|x86.Build.0 = Debug|Any CPU
		{680523FC-2C81-48FE-A748-2389B42F1A07}.GCModeller(Release_X64)|Any CPU.ActiveCfg = Release|Any CPU
		{680523FC-2C81-48FE-A748-2389B42F1A07}.GCModeller(Release_X64)|Any CPU.Build.0 = Release|Any CPU
		{680523FC-2C81-48FE-A748-2389B42F1A07}.GCModeller(Release_X64)|x64.ActiveCfg = Release|x64
		{680523FC-2C81-48FE-A748-2389B42F1A07}.GCModeller(Release_X64)|x64.Build.0 = Release|x64
		{680523FC-2C81-48FE-A748-2389B42F1A07}.GCModeller(Release_X64)|x86.ActiveCfg = Release|Any CPU
		{680523FC-2C81-48FE-A748-2389B42F1A07}.GCModeller(Release_X64)|x86.Build.0 = Release|Any CPU
		{680523FC-2C81-48FE-A748-2389B42F1A07}.GCModeller(UNIX-Release_X64)|Any CPU.ActiveCfg = Release|Any CPU
		{680523FC-2C81-48FE-A748-2389B42F1A07}.GCModeller(UNIX-Release_X64)|Any CPU.Build.0 = Release|Any CPU
		{680523FC-2C81-48FE-A748-2389B42F1A07}.GCModeller(UNIX-Release_X64)|x64.ActiveCfg = Release|x64
		{680523FC-2C81-48FE-A748-2389B42F1A07}.GCModeller(UNIX-Release_X64)|x64.Build.0 = Release|x64
		{680523FC-2C81-48FE-A748-2389B42F1A07}.GCModeller(UNIX-Release_X64)|x86.ActiveCfg = Release|Any CPU
		{680523FC-2C81-48FE-A748-2389B42F1A07}.GCModeller(UNIX-Release_X64)|x86.Build.0 = Release|Any CPU
		{680523FC-2C81-48FE-A748-2389B42F1A07}.installer_x64|Any CPU.ActiveCfg = Release|Any CPU
		{680523FC-2C81-48FE-A748-2389B42F1A07}.installer_x64|Any CPU.Build.0 = Release|Any CPU
		{680523FC-2C81-48FE-A748-2389B42F1A07}.installer_x64|x64.ActiveCfg = Release|x64
		{680523FC-2C81-48FE-A748-2389B42F1A07}.installer_x64|x64.Build.0 = Release|x64
		{680523FC-2C81-48FE-A748-2389B42F1A07}.installer_x64|x86.ActiveCfg = Release|Any CPU
		{680523FC-2C81-48FE-A748-2389B42F1A07}.installer_x64|x86.Build.0 = Release|Any CPU
		{680523FC-2C81-48FE-A748-2389B42F1A07}.mysqli_X64_release|Any CPU.ActiveCfg = Release|Any CPU
		{680523FC-2C81-48FE-A748-2389B42F1A07}.mysqli_X64_release|Any CPU.Build.0 = Release|Any CPU
		{680523FC-2C81-48FE-A748-2389B42F1A07}.mysqli_X64_release|x64.ActiveCfg = Release|x64
		{680523FC-2C81-48FE-A748-2389B42F1A07}.mysqli_X64_release|x64.Build.0 = Release|x64
		{680523FC-2C81-48FE-A748-2389B42F1A07}.mysqli_X64_release|x86.ActiveCfg = Release|Any CPU
		{680523FC-2C81-48FE-A748-2389B42F1A07}.mysqli_X64_release|x86.Build.0 = Release|Any CPU
		{680523FC-2C81-48FE-A748-2389B42F1A07}.ProteoWizard.d|Any CPU.ActiveCfg = Release|Any CPU
		{680523FC-2C81-48FE-A748-2389B42F1A07}.ProteoWizard.d|Any CPU.Build.0 = Release|Any CPU
		{680523FC-2C81-48FE-A748-2389B42F1A07}.ProteoWizard.d|x64.ActiveCfg = Release|x64
		{680523FC-2C81-48FE-A748-2389B42F1A07}.ProteoWizard.d|x64.Build.0 = Release|x64
		{680523FC-2C81-48FE-A748-2389B42F1A07}.ProteoWizard.d|x86.ActiveCfg = Release|Any CPU
		{680523FC-2C81-48FE-A748-2389B42F1A07}.ProteoWizard.d|x86.Build.0 = Release|Any CPU
		{680523FC-2C81-48FE-A748-2389B42F1A07}.Publish|Any CPU.ActiveCfg = Release|Any CPU
		{680523FC-2C81-48FE-A748-2389B42F1A07}.Publish|Any CPU.Build.0 = Release|Any CPU
		{680523FC-2C81-48FE-A748-2389B42F1A07}.Publish|x64.ActiveCfg = Release|x64
		{680523FC-2C81-48FE-A748-2389B42F1A07}.Publish|x64.Build.0 = Release|x64
		{680523FC-2C81-48FE-A748-2389B42F1A07}.Publish|x86.ActiveCfg = Release|Any CPU
		{680523FC-2C81-48FE-A748-2389B42F1A07}.Publish|x86.Build.0 = Release|Any CPU
		{680523FC-2C81-48FE-A748-2389B42F1A07}.Release|Any CPU.ActiveCfg = Release|Any CPU
		{680523FC-2C81-48FE-A748-2389B42F1A07}.Release|Any CPU.Build.0 = Release|Any CPU
		{680523FC-2C81-48FE-A748-2389B42F1A07}.Release|x64.ActiveCfg = Release|x64
		{680523FC-2C81-48FE-A748-2389B42F1A07}.Release|x64.Build.0 = Release|x64
		{680523FC-2C81-48FE-A748-2389B42F1A07}.Release|x86.ActiveCfg = Release|Any CPU
		{680523FC-2C81-48FE-A748-2389B42F1A07}.Release|x86.Build.0 = Release|Any CPU
		{680523FC-2C81-48FE-A748-2389B42F1A07}.sciBASIC.NET-test-release|Any CPU.ActiveCfg = Release|Any CPU
		{680523FC-2C81-48FE-A748-2389B42F1A07}.sciBASIC.NET-test-release|Any CPU.Build.0 = Release|Any CPU
		{680523FC-2C81-48FE-A748-2389B42F1A07}.sciBASIC.NET-test-release|x64.ActiveCfg = Release|x64
		{680523FC-2C81-48FE-A748-2389B42F1A07}.sciBASIC.NET-test-release|x64.Build.0 = Release|x64
		{680523FC-2C81-48FE-A748-2389B42F1A07}.sciBASIC.NET-test-release|x86.ActiveCfg = Release|Any CPU
		{680523FC-2C81-48FE-A748-2389B42F1A07}.sciBASIC.NET-test-release|x86.Build.0 = Release|Any CPU
		{680523FC-2C81-48FE-A748-2389B42F1A07}.Surveillance-of-infectious-diseases|Any CPU.ActiveCfg = Release|Any CPU
		{680523FC-2C81-48FE-A748-2389B42F1A07}.Surveillance-of-infectious-diseases|Any CPU.Build.0 = Release|Any CPU
		{680523FC-2C81-48FE-A748-2389B42F1A07}.Surveillance-of-infectious-diseases|x64.ActiveCfg = Release|x64
		{680523FC-2C81-48FE-A748-2389B42F1A07}.Surveillance-of-infectious-diseases|x64.Build.0 = Release|x64
		{680523FC-2C81-48FE-A748-2389B42F1A07}.Surveillance-of-infectious-diseases|x86.ActiveCfg = Release|Any CPU
		{680523FC-2C81-48FE-A748-2389B42F1A07}.Surveillance-of-infectious-diseases|x86.Build.0 = Release|Any CPU
		{680523FC-2C81-48FE-A748-2389B42F1A07}.Yilia-Release_x64|Any CPU.ActiveCfg = Release|Any CPU
		{680523FC-2C81-48FE-A748-2389B42F1A07}.Yilia-Release_x64|Any CPU.Build.0 = Release|Any CPU
		{680523FC-2C81-48FE-A748-2389B42F1A07}.Yilia-Release_x64|x64.ActiveCfg = Release|x64
		{680523FC-2C81-48FE-A748-2389B42F1A07}.Yilia-Release_x64|x64.Build.0 = Release|x64
		{680523FC-2C81-48FE-A748-2389B42F1A07}.Yilia-Release_x64|x86.ActiveCfg = Release|Any CPU
		{680523FC-2C81-48FE-A748-2389B42F1A07}.Yilia-Release_x64|x86.Build.0 = Release|Any CPU
	EndGlobalSection
	GlobalSection(SolutionProperties) = preSolution
		HideSolutionNode = FALSE
	EndGlobalSection
	GlobalSection(NestedProjects) = preSolution
		{FECCE1FD-E1D4-49E3-A668-60BB5E7AED99} = {7284E7E0-6B12-41EE-A270-6B67B90D4167}
		{487D7C92-D05A-4908-BF81-E6BABA0BF592} = {7284E7E0-6B12-41EE-A270-6B67B90D4167}
		{C1C1C9F4-74C9-4551-B808-C0DF64A5DFE1} = {E811E152-24F6-4028-BE45-61117FEE027F}
		{680523FC-2C81-48FE-A748-2389B42F1A07} = {E811E152-24F6-4028-BE45-61117FEE027F}
	EndGlobalSection
	GlobalSection(ExtensibilityGlobals) = postSolution
		SolutionGuid = {1FF3B5DC-B309-4180-AC15-3617A7E2AAB0}
	EndGlobalSection
EndGlobal
